// !$*UTF8*$!
{
	archiveVersion = 1;
	classes = {
	};
	objectVersion = 51;
	objects = {

/* Begin PBXBuildFile section */
		1837050E24AC205B00A8278D /* HomeBannerDataModel.m in Sources */ = {isa = PBXBuildFile; fileRef = 1837050D24AC205B00A8278D /* HomeBannerDataModel.m */; };
		1837C5EF24AAD89200D27ACD /* AppDelegate.m in Sources */ = {isa = PBXBuildFile; fileRef = 1837C5EE24AAD89200D27ACD /* AppDelegate.m */; };
		1837C5F824AAD89200D27ACD /* Main.storyboard in Resources */ = {isa = PBXBuildFile; fileRef = 1837C5F624AAD89200D27ACD /* Main.storyboard */; };
		1837C5FA24AAD89400D27ACD /* Assets.xcassets in Resources */ = {isa = PBXBuildFile; fileRef = 1837C5F924AAD89400D27ACD /* Assets.xcassets */; };
		1837C5FD24AAD89400D27ACD /* LaunchScreen.storyboard in Resources */ = {isa = PBXBuildFile; fileRef = 1837C5FB24AAD89400D27ACD /* LaunchScreen.storyboard */; };
		1837C60024AAD89400D27ACD /* main.m in Sources */ = {isa = PBXBuildFile; fileRef = 1837C5FF24AAD89400D27ACD /* main.m */; };
		1837C64624AADD2900D27ACD /* EGHImagePickerVCManager.m in Sources */ = {isa = PBXBuildFile; fileRef = 1837C60D24AADD2900D27ACD /* EGHImagePickerVCManager.m */; };
		1837C64724AADD2900D27ACD /* TimerTool.m in Sources */ = {isa = PBXBuildFile; fileRef = 1837C60E24AADD2900D27ACD /* TimerTool.m */; };
		1837C64824AADD2900D27ACD /* ENDGradientLabel.m in Sources */ = {isa = PBXBuildFile; fileRef = 1837C60F24AADD2900D27ACD /* ENDGradientLabel.m */; };
		1837C64924AADD2900D27ACD /* EGHViewsTool.m in Sources */ = {isa = PBXBuildFile; fileRef = 1837C61024AADD2900D27ACD /* EGHViewsTool.m */; };
		1837C64A24AADD2900D27ACD /* StringAndLabelDealTool.m in Sources */ = {isa = PBXBuildFile; fileRef = 1837C61124AADD2900D27ACD /* StringAndLabelDealTool.m */; };
		1837C64B24AADD2900D27ACD /* Toast.m in Sources */ = {isa = PBXBuildFile; fileRef = 1837C61524AADD2900D27ACD /* Toast.m */; };
		1837C64C24AADD2900D27ACD /* UILabel+YBAttributeTextTapAction.m in Sources */ = {isa = PBXBuildFile; fileRef = 1837C61824AADD2900D27ACD /* UILabel+YBAttributeTextTapAction.m */; };
		1837C64D24AADD2900D27ACD /* NSString+DealError.m in Sources */ = {isa = PBXBuildFile; fileRef = 1837C61D24AADD2900D27ACD /* NSString+DealError.m */; };
		1837C64E24AADD2900D27ACD /* EGHCodeTool.m in Sources */ = {isa = PBXBuildFile; fileRef = 1837C61E24AADD2900D27ACD /* EGHCodeTool.m */; };
		1837C64F24AADD2900D27ACD /* ENDLCPNetWorkGET.m in Sources */ = {isa = PBXBuildFile; fileRef = 1837C62024AADD2900D27ACD /* ENDLCPNetWorkGET.m */; };
		1837C65024AADD2900D27ACD /* Reachability.m in Sources */ = {isa = PBXBuildFile; fileRef = 1837C62324AADD2900D27ACD /* Reachability.m */; };
		1837C65124AADD2900D27ACD /* LCPReachability.m in Sources */ = {isa = PBXBuildFile; fileRef = 1837C62624AADD2900D27ACD /* LCPReachability.m */; };
		1837C65224AADD2900D27ACD /* ENDNetWorkPOST.m in Sources */ = {isa = PBXBuildFile; fileRef = 1837C62824AADD2900D27ACD /* ENDNetWorkPOST.m */; };
		1837C65324AADD2900D27ACD /* ENDNetWorkManager.m in Sources */ = {isa = PBXBuildFile; fileRef = 1837C62A24AADD2900D27ACD /* ENDNetWorkManager.m */; };
		1837C65424AADD2900D27ACD /* ENDNetWorkDELETE.m in Sources */ = {isa = PBXBuildFile; fileRef = 1837C62B24AADD2900D27ACD /* ENDNetWorkDELETE.m */; };
		1837C65524AADD2900D27ACD /* ENDNetWorkPUT.m in Sources */ = {isa = PBXBuildFile; fileRef = 1837C62E24AADD2900D27ACD /* ENDNetWorkPUT.m */; };
		1837C65624AADD2900D27ACD /* ENDLCPNetWorkERROR.m in Sources */ = {isa = PBXBuildFile; fileRef = 1837C63024AADD2900D27ACD /* ENDLCPNetWorkERROR.m */; };
		1837C65724AADD2900D27ACD /* UIColor+Hex.m in Sources */ = {isa = PBXBuildFile; fileRef = 1837C63324AADD2900D27ACD /* UIColor+Hex.m */; };
		1837C65824AADD2900D27ACD /* UIImage+Image.m in Sources */ = {isa = PBXBuildFile; fileRef = 1837C63424AADD2900D27ACD /* UIImage+Image.m */; };
		1837C65924AADD2900D27ACD /* UIImage+OriginalImage.m in Sources */ = {isa = PBXBuildFile; fileRef = 1837C63624AADD2900D27ACD /* UIImage+OriginalImage.m */; };
		1837C65A24AADD2900D27ACD /* BaseModel.m in Sources */ = {isa = PBXBuildFile; fileRef = 1837C63A24AADD2900D27ACD /* BaseModel.m */; };
		1837C65B24AADD2900D27ACD /* BaseTabBarController.m in Sources */ = {isa = PBXBuildFile; fileRef = 1837C63D24AADD2900D27ACD /* BaseTabBarController.m */; };
		1837C65C24AADD2900D27ACD /* TestTabBar.m in Sources */ = {isa = PBXBuildFile; fileRef = 1837C63E24AADD2900D27ACD /* TestTabBar.m */; };
		1837C66024AADE5700D27ACD /* HomeVC.m in Sources */ = {isa = PBXBuildFile; fileRef = 1837C65E24AADE5700D27ACD /* HomeVC.m */; };
		1837C66124AADE5700D27ACD /* HomeVC.xib in Resources */ = {isa = PBXBuildFile; fileRef = 1837C65F24AADE5700D27ACD /* HomeVC.xib */; };
		1837C66524AADE7500D27ACD /* QuotesVC.m in Sources */ = {isa = PBXBuildFile; fileRef = 1837C66324AADE7500D27ACD /* QuotesVC.m */; };
		1837C66624AADE7500D27ACD /* QuotesVC.xib in Resources */ = {isa = PBXBuildFile; fileRef = 1837C66424AADE7500D27ACD /* QuotesVC.xib */; };
		1837C66A24AADE8B00D27ACD /* PublishVC.m in Sources */ = {isa = PBXBuildFile; fileRef = 1837C66824AADE8B00D27ACD /* PublishVC.m */; };
		1837C66B24AADE8B00D27ACD /* PublishVC.xib in Resources */ = {isa = PBXBuildFile; fileRef = 1837C66924AADE8B00D27ACD /* PublishVC.xib */; };
		1837C66F24AADEA400D27ACD /* NewsVC.m in Sources */ = {isa = PBXBuildFile; fileRef = 1837C66D24AADEA400D27ACD /* NewsVC.m */; };
		1837C67024AADEA400D27ACD /* NewsVC.xib in Resources */ = {isa = PBXBuildFile; fileRef = 1837C66E24AADEA400D27ACD /* NewsVC.xib */; };
		1837C67424AADEB200D27ACD /* MineVC.m in Sources */ = {isa = PBXBuildFile; fileRef = 1837C67224AADEB100D27ACD /* MineVC.m */; };
		1837C67524AADEB200D27ACD /* MineVC.xib in Resources */ = {isa = PBXBuildFile; fileRef = 1837C67324AADEB100D27ACD /* MineVC.xib */; };
		1837C67824AADFEB00D27ACD /* BaseNavigationController.m in Sources */ = {isa = PBXBuildFile; fileRef = 1837C67724AADFEB00D27ACD /* BaseNavigationController.m */; };
		1837C67B24AB09E800D27ACD /* HomeHeaderView.m in Sources */ = {isa = PBXBuildFile; fileRef = 1837C67A24AB09E800D27ACD /* HomeHeaderView.m */; };
		1837C67D24AB0AE200D27ACD /* HomeHeaderView.xib in Resources */ = {isa = PBXBuildFile; fileRef = 1837C67C24AB0AE200D27ACD /* HomeHeaderView.xib */; };
		1837C68024AB2D1300D27ACD /* HomeTitleView.m in Sources */ = {isa = PBXBuildFile; fileRef = 1837C67F24AB2D1300D27ACD /* HomeTitleView.m */; };
		1837C68224AB2D1E00D27ACD /* HomeTitleView.xib in Resources */ = {isa = PBXBuildFile; fileRef = 1837C68124AB2D1E00D27ACD /* HomeTitleView.xib */; };
		1837C68624AB2F2E00D27ACD /* HomeQuotesTableCell.m in Sources */ = {isa = PBXBuildFile; fileRef = 1837C68424AB2F2E00D27ACD /* HomeQuotesTableCell.m */; };
		1837C68724AB2F2E00D27ACD /* HomeQuotesTableCell.xib in Resources */ = {isa = PBXBuildFile; fileRef = 1837C68524AB2F2E00D27ACD /* HomeQuotesTableCell.xib */; };
		1837C68B24AB2F7E00D27ACD /* HotNewsTableCell.m in Sources */ = {isa = PBXBuildFile; fileRef = 1837C68924AB2F7E00D27ACD /* HotNewsTableCell.m */; };
		1837C68C24AB2F7E00D27ACD /* HotNewsTableCell.xib in Resources */ = {isa = PBXBuildFile; fileRef = 1837C68A24AB2F7E00D27ACD /* HotNewsTableCell.xib */; };
		1837C69024AB37AD00D27ACD /* QuotesCenterTableCell.m in Sources */ = {isa = PBXBuildFile; fileRef = 1837C68E24AB37AD00D27ACD /* QuotesCenterTableCell.m */; };
		1837C69124AB37AD00D27ACD /* QuotesCenterTableCell.xib in Resources */ = {isa = PBXBuildFile; fileRef = 1837C68F24AB37AD00D27ACD /* QuotesCenterTableCell.xib */; };
		1837C69824AB3B3700D27ACD /* QuotesHeadView.m in Sources */ = {isa = PBXBuildFile; fileRef = 1837C69724AB3B3700D27ACD /* QuotesHeadView.m */; };
		1837C69A24AB3B4500D27ACD /* QuotesHeadView.xib in Resources */ = {isa = PBXBuildFile; fileRef = 1837C69924AB3B4500D27ACD /* QuotesHeadView.xib */; };
		18672AEB24AC66B800BF4B17 /* ContentBaseViewController.m in Sources */ = {isa = PBXBuildFile; fileRef = 18672AEA24AC66B800BF4B17 /* ContentBaseViewController.m */; };
		18672AEE24AC673000BF4B17 /* ListViewController.m in Sources */ = {isa = PBXBuildFile; fileRef = 18672AED24AC673000BF4B17 /* ListViewController.m */; };
		18672AF224AC67CF00BF4B17 /* AttentionVC.m in Sources */ = {isa = PBXBuildFile; fileRef = 18672AF024AC67CF00BF4B17 /* AttentionVC.m */; };
		18672AF324AC67CF00BF4B17 /* AttentionVC.xib in Resources */ = {isa = PBXBuildFile; fileRef = 18672AF124AC67CF00BF4B17 /* AttentionVC.xib */; };
		18672AF724AC682800BF4B17 /* PopularVC.m in Sources */ = {isa = PBXBuildFile; fileRef = 18672AF524AC682800BF4B17 /* PopularVC.m */; };
		18672AF824AC682800BF4B17 /* PopularVC.xib in Resources */ = {isa = PBXBuildFile; fileRef = 18672AF624AC682800BF4B17 /* PopularVC.xib */; };
		18672AFC24AC683F00BF4B17 /* TopicVC.m in Sources */ = {isa = PBXBuildFile; fileRef = 18672AFA24AC683F00BF4B17 /* TopicVC.m */; };
		18672AFD24AC683F00BF4B17 /* TopicVC.xib in Resources */ = {isa = PBXBuildFile; fileRef = 18672AFB24AC683F00BF4B17 /* TopicVC.xib */; };
		18672B0424AC71F100BF4B17 /* ShowNewsTableCell.m in Sources */ = {isa = PBXBuildFile; fileRef = 18672B0224AC71F100BF4B17 /* ShowNewsTableCell.m */; };
		18672B0524AC71F100BF4B17 /* ShowNewsTableCell.xib in Resources */ = {isa = PBXBuildFile; fileRef = 18672B0324AC71F100BF4B17 /* ShowNewsTableCell.xib */; };
		18672B0924AC819100BF4B17 /* BusinessNewsVC.m in Sources */ = {isa = PBXBuildFile; fileRef = 18672B0724AC819000BF4B17 /* BusinessNewsVC.m */; };
		18672B0A24AC819100BF4B17 /* BusinessNewsVC.xib in Resources */ = {isa = PBXBuildFile; fileRef = 18672B0824AC819000BF4B17 /* BusinessNewsVC.xib */; };
		18672B0E24AC81A300BF4B17 /* TimeNewsVC.m in Sources */ = {isa = PBXBuildFile; fileRef = 18672B0C24AC81A300BF4B17 /* TimeNewsVC.m */; };
		18672B0F24AC81A300BF4B17 /* TimeNewsVC.xib in Resources */ = {isa = PBXBuildFile; fileRef = 18672B0D24AC81A300BF4B17 /* TimeNewsVC.xib */; };
		18672B1524AC891300BF4B17 /* BusinessNewsTableCell.m in Sources */ = {isa = PBXBuildFile; fileRef = 18672B1324AC891300BF4B17 /* BusinessNewsTableCell.m */; };
		18672B1624AC891300BF4B17 /* BusinessNewsTableCell.xib in Resources */ = {isa = PBXBuildFile; fileRef = 18672B1424AC891300BF4B17 /* BusinessNewsTableCell.xib */; };
		18672B1924AC8B6400BF4B17 /* SearchHeadView.m in Sources */ = {isa = PBXBuildFile; fileRef = 18672B1824AC8B6400BF4B17 /* SearchHeadView.m */; };
		18672B1B24AC8B7200BF4B17 /* SearchHeadView.xib in Resources */ = {isa = PBXBuildFile; fileRef = 18672B1A24AC8B7200BF4B17 /* SearchHeadView.xib */; };
		186E614924AD896A00658E37 /* MineItemTableCell.m in Sources */ = {isa = PBXBuildFile; fileRef = 186E614724AD896A00658E37 /* MineItemTableCell.m */; };
		186E614A24AD896A00658E37 /* MineItemTableCell.xib in Resources */ = {isa = PBXBuildFile; fileRef = 186E614824AD896A00658E37 /* MineItemTableCell.xib */; };
		186E614E24ADA8A000658E37 /* MineInfoTableCell.m in Sources */ = {isa = PBXBuildFile; fileRef = 186E614C24ADA8A000658E37 /* MineInfoTableCell.m */; };
		186E614F24ADA8A000658E37 /* MineInfoTableCell.xib in Resources */ = {isa = PBXBuildFile; fileRef = 186E614D24ADA8A000658E37 /* MineInfoTableCell.xib */; };
		186E615324ADAD3A00658E37 /* MineOutTableCell.m in Sources */ = {isa = PBXBuildFile; fileRef = 186E615124ADAD3A00658E37 /* MineOutTableCell.m */; };
		186E615424ADAD3A00658E37 /* MineOutTableCell.xib in Resources */ = {isa = PBXBuildFile; fileRef = 186E615224ADAD3A00658E37 /* MineOutTableCell.xib */; };
		186E615724ADB19000658E37 /* MineTitleModel.m in Sources */ = {isa = PBXBuildFile; fileRef = 186E615624ADB19000658E37 /* MineTitleModel.m */; };
		186E615A24ADBBDE00658E37 /* TopicHeadView.m in Sources */ = {isa = PBXBuildFile; fileRef = 186E615924ADBBDE00658E37 /* TopicHeadView.m */; };
		186E615C24ADBBE800658E37 /* TopicHeadView.xib in Resources */ = {isa = PBXBuildFile; fileRef = 186E615B24ADBBE800658E37 /* TopicHeadView.xib */; };
		186E615F24ADBC2400658E37 /* TopicFootView.m in Sources */ = {isa = PBXBuildFile; fileRef = 186E615E24ADBC2400658E37 /* TopicFootView.m */; };
		186E616124ADBC2F00658E37 /* TopicFootView.xib in Resources */ = {isa = PBXBuildFile; fileRef = 186E616024ADBC2F00658E37 /* TopicFootView.xib */; };
		186E616524ADC3DC00658E37 /* HotTopicTableCell.m in Sources */ = {isa = PBXBuildFile; fileRef = 186E616324ADC3DC00658E37 /* HotTopicTableCell.m */; };
		186E616624ADC3DC00658E37 /* HotTopicTableCell.xib in Resources */ = {isa = PBXBuildFile; fileRef = 186E616424ADC3DC00658E37 /* HotTopicTableCell.xib */; };
		186E616924ADD00F00658E37 /* AttentionHeadView.m in Sources */ = {isa = PBXBuildFile; fileRef = 186E616824ADD00F00658E37 /* AttentionHeadView.m */; };
		186E616B24ADD01E00658E37 /* AttentionHeadView.xib in Resources */ = {isa = PBXBuildFile; fileRef = 186E616A24ADD01E00658E37 /* AttentionHeadView.xib */; };
		186E616E24ADD85B00658E37 /* TimeNewsHeadView.m in Sources */ = {isa = PBXBuildFile; fileRef = 186E616D24ADD85B00658E37 /* TimeNewsHeadView.m */; };
		186E617024ADD8A900658E37 /* TimeNewsHeadView.xib in Resources */ = {isa = PBXBuildFile; fileRef = 186E616F24ADD8A900658E37 /* TimeNewsHeadView.xib */; };
		18A8A8EF24AEC595007D7AA9 /* TimeNewsTopTableCell.m in Sources */ = {isa = PBXBuildFile; fileRef = 18A8A8ED24AEC595007D7AA9 /* TimeNewsTopTableCell.m */; };
		18A8A8F024AEC595007D7AA9 /* TimeNewsTopTableCell.xib in Resources */ = {isa = PBXBuildFile; fileRef = 18A8A8EE24AEC595007D7AA9 /* TimeNewsTopTableCell.xib */; };
		18A8A8F424AEC86E007D7AA9 /* TimeNewsDetailTableCell.m in Sources */ = {isa = PBXBuildFile; fileRef = 18A8A8F224AEC86E007D7AA9 /* TimeNewsDetailTableCell.m */; };
		18A8A8F524AEC86E007D7AA9 /* TimeNewsDetailTableCell.xib in Resources */ = {isa = PBXBuildFile; fileRef = 18A8A8F324AEC86E007D7AA9 /* TimeNewsDetailTableCell.xib */; };
		18A8A8F924AEE081007D7AA9 /* QuotesCollectionCell.m in Sources */ = {isa = PBXBuildFile; fileRef = 18A8A8F724AEE081007D7AA9 /* QuotesCollectionCell.m */; };
		18A8A8FA24AEE081007D7AA9 /* QuotesCollectionCell.xib in Resources */ = {isa = PBXBuildFile; fileRef = 18A8A8F824AEE081007D7AA9 /* QuotesCollectionCell.xib */; };
		18A8A8FE24AF0112007D7AA9 /* AttentionTableCell.m in Sources */ = {isa = PBXBuildFile; fileRef = 18A8A8FC24AF0112007D7AA9 /* AttentionTableCell.m */; };
		18A8A8FF24AF0112007D7AA9 /* AttentionTableCell.xib in Resources */ = {isa = PBXBuildFile; fileRef = 18A8A8FD24AF0112007D7AA9 /* AttentionTableCell.xib */; };
		18A8A90324AF0174007D7AA9 /* AttentionCollectionCell.m in Sources */ = {isa = PBXBuildFile; fileRef = 18A8A90124AF0174007D7AA9 /* AttentionCollectionCell.m */; };
		18A8A90424AF0174007D7AA9 /* AttentionCollectionCell.xib in Resources */ = {isa = PBXBuildFile; fileRef = 18A8A90224AF0174007D7AA9 /* AttentionCollectionCell.xib */; };
		18A8A90924AF0FB7007D7AA9 /* CalendarVC.m in Sources */ = {isa = PBXBuildFile; fileRef = 18A8A90724AF0FB7007D7AA9 /* CalendarVC.m */; };
		18A8A90A24AF0FB7007D7AA9 /* CalendarVC.xib in Resources */ = {isa = PBXBuildFile; fileRef = 18A8A90824AF0FB7007D7AA9 /* CalendarVC.xib */; };
		18A8A90D24AF1839007D7AA9 /* CalendarHeadView.m in Sources */ = {isa = PBXBuildFile; fileRef = 18A8A90C24AF1839007D7AA9 /* CalendarHeadView.m */; };
		18A8A90F24AF1845007D7AA9 /* CalendarHeadView.xib in Resources */ = {isa = PBXBuildFile; fileRef = 18A8A90E24AF1845007D7AA9 /* CalendarHeadView.xib */; };
		18A8A91324AF188A007D7AA9 /* CalendarTableViewCell.m in Sources */ = {isa = PBXBuildFile; fileRef = 18A8A91124AF188A007D7AA9 /* CalendarTableViewCell.m */; };
		18A8A91424AF188A007D7AA9 /* CalendarTableViewCell.xib in Resources */ = {isa = PBXBuildFile; fileRef = 18A8A91224AF188A007D7AA9 /* CalendarTableViewCell.xib */; };
		548E54158FFAA2D7DD047AF7 /* Pods_forward.framework in Frameworks */ = {isa = PBXBuildFile; fileRef = 68AA93C2C2B1812DD5096852 /* Pods_forward.framework */; };
/* End PBXBuildFile section */

/* Begin PBXFileReference section */
		1837050C24AC205B00A8278D /* HomeBannerDataModel.h */ = {isa = PBXFileReference; lastKnownFileType = sourcecode.c.h; path = HomeBannerDataModel.h; sourceTree = "<group>"; };
		1837050D24AC205B00A8278D /* HomeBannerDataModel.m */ = {isa = PBXFileReference; lastKnownFileType = sourcecode.c.objc; path = HomeBannerDataModel.m; sourceTree = "<group>"; };
		1837C5EA24AAD89200D27ACD /* forward.app */ = {isa = PBXFileReference; explicitFileType = wrapper.application; includeInIndex = 0; path = forward.app; sourceTree = BUILT_PRODUCTS_DIR; };
		1837C5ED24AAD89200D27ACD /* AppDelegate.h */ = {isa = PBXFileReference; lastKnownFileType = sourcecode.c.h; path = AppDelegate.h; sourceTree = "<group>"; };
		1837C5EE24AAD89200D27ACD /* AppDelegate.m */ = {isa = PBXFileReference; lastKnownFileType = sourcecode.c.objc; path = AppDelegate.m; sourceTree = "<group>"; };
		1837C5F724AAD89200D27ACD /* Base */ = {isa = PBXFileReference; lastKnownFileType = file.storyboard; name = Base; path = Base.lproj/Main.storyboard; sourceTree = "<group>"; };
		1837C5F924AAD89400D27ACD /* Assets.xcassets */ = {isa = PBXFileReference; lastKnownFileType = folder.assetcatalog; path = Assets.xcassets; sourceTree = "<group>"; };
		1837C5FC24AAD89400D27ACD /* Base */ = {isa = PBXFileReference; lastKnownFileType = file.storyboard; name = Base; path = Base.lproj/LaunchScreen.storyboard; sourceTree = "<group>"; };
		1837C5FE24AAD89400D27ACD /* Info.plist */ = {isa = PBXFileReference; lastKnownFileType = text.plist.xml; path = Info.plist; sourceTree = "<group>"; };
		1837C5FF24AAD89400D27ACD /* main.m */ = {isa = PBXFileReference; lastKnownFileType = sourcecode.c.objc; path = main.m; sourceTree = "<group>"; };
		1837C60D24AADD2900D27ACD /* EGHImagePickerVCManager.m */ = {isa = PBXFileReference; fileEncoding = 4; lastKnownFileType = sourcecode.c.objc; path = EGHImagePickerVCManager.m; sourceTree = "<group>"; };
		1837C60E24AADD2900D27ACD /* TimerTool.m */ = {isa = PBXFileReference; fileEncoding = 4; lastKnownFileType = sourcecode.c.objc; path = TimerTool.m; sourceTree = "<group>"; };
		1837C60F24AADD2900D27ACD /* ENDGradientLabel.m */ = {isa = PBXFileReference; fileEncoding = 4; lastKnownFileType = sourcecode.c.objc; path = ENDGradientLabel.m; sourceTree = "<group>"; };
		1837C61024AADD2900D27ACD /* EGHViewsTool.m */ = {isa = PBXFileReference; fileEncoding = 4; lastKnownFileType = sourcecode.c.objc; path = EGHViewsTool.m; sourceTree = "<group>"; };
		1837C61124AADD2900D27ACD /* StringAndLabelDealTool.m */ = {isa = PBXFileReference; fileEncoding = 4; lastKnownFileType = sourcecode.c.objc; path = StringAndLabelDealTool.m; sourceTree = "<group>"; };
		1837C61224AADD2900D27ACD /* UILabel+YBAttributeTextTapAction.h */ = {isa = PBXFileReference; fileEncoding = 4; lastKnownFileType = sourcecode.c.h; path = "UILabel+YBAttributeTextTapAction.h"; sourceTree = "<group>"; };
		1837C61324AADD2900D27ACD /* NSString+DealError.h */ = {isa = PBXFileReference; fileEncoding = 4; lastKnownFileType = sourcecode.c.h; path = "NSString+DealError.h"; sourceTree = "<group>"; };
		1837C61424AADD2900D27ACD /* EGHCodeTool.h */ = {isa = PBXFileReference; fileEncoding = 4; lastKnownFileType = sourcecode.c.h; path = EGHCodeTool.h; sourceTree = "<group>"; };
		1837C61524AADD2900D27ACD /* Toast.m */ = {isa = PBXFileReference; fileEncoding = 4; lastKnownFileType = sourcecode.c.objc; path = Toast.m; sourceTree = "<group>"; };
		1837C61624AADD2900D27ACD /* EGHImagePickerVCManager.h */ = {isa = PBXFileReference; fileEncoding = 4; lastKnownFileType = sourcecode.c.h; path = EGHImagePickerVCManager.h; sourceTree = "<group>"; };
		1837C61724AADD2900D27ACD /* TimerTool.h */ = {isa = PBXFileReference; fileEncoding = 4; lastKnownFileType = sourcecode.c.h; path = TimerTool.h; sourceTree = "<group>"; };
		1837C61824AADD2900D27ACD /* UILabel+YBAttributeTextTapAction.m */ = {isa = PBXFileReference; fileEncoding = 4; lastKnownFileType = sourcecode.c.objc; path = "UILabel+YBAttributeTextTapAction.m"; sourceTree = "<group>"; };
		1837C61924AADD2900D27ACD /* EGHViewsTool.h */ = {isa = PBXFileReference; fileEncoding = 4; lastKnownFileType = sourcecode.c.h; path = EGHViewsTool.h; sourceTree = "<group>"; };
		1837C61A24AADD2900D27ACD /* StringAndLabelDealTool.h */ = {isa = PBXFileReference; fileEncoding = 4; lastKnownFileType = sourcecode.c.h; path = StringAndLabelDealTool.h; sourceTree = "<group>"; };
		1837C61B24AADD2900D27ACD /* ENDGradientLabel.h */ = {isa = PBXFileReference; fileEncoding = 4; lastKnownFileType = sourcecode.c.h; path = ENDGradientLabel.h; sourceTree = "<group>"; };
		1837C61C24AADD2900D27ACD /* Toast.h */ = {isa = PBXFileReference; fileEncoding = 4; lastKnownFileType = sourcecode.c.h; path = Toast.h; sourceTree = "<group>"; };
		1837C61D24AADD2900D27ACD /* NSString+DealError.m */ = {isa = PBXFileReference; fileEncoding = 4; lastKnownFileType = sourcecode.c.objc; path = "NSString+DealError.m"; sourceTree = "<group>"; };
		1837C61E24AADD2900D27ACD /* EGHCodeTool.m */ = {isa = PBXFileReference; fileEncoding = 4; lastKnownFileType = sourcecode.c.objc; path = EGHCodeTool.m; sourceTree = "<group>"; };
		1837C62024AADD2900D27ACD /* ENDLCPNetWorkGET.m */ = {isa = PBXFileReference; fileEncoding = 4; lastKnownFileType = sourcecode.c.objc; path = ENDLCPNetWorkGET.m; sourceTree = "<group>"; };
		1837C62124AADD2900D27ACD /* ENDNetWorkDELETE.h */ = {isa = PBXFileReference; fileEncoding = 4; lastKnownFileType = sourcecode.c.h; path = ENDNetWorkDELETE.h; sourceTree = "<group>"; };
		1837C62324AADD2900D27ACD /* Reachability.m */ = {isa = PBXFileReference; fileEncoding = 4; lastKnownFileType = sourcecode.c.objc; path = Reachability.m; sourceTree = "<group>"; };
		1837C62424AADD2900D27ACD /* LCPReachability.h */ = {isa = PBXFileReference; fileEncoding = 4; lastKnownFileType = sourcecode.c.h; path = LCPReachability.h; sourceTree = "<group>"; };
		1837C62524AADD2900D27ACD /* Reachability.h */ = {isa = PBXFileReference; fileEncoding = 4; lastKnownFileType = sourcecode.c.h; path = Reachability.h; sourceTree = "<group>"; };
		1837C62624AADD2900D27ACD /* LCPReachability.m */ = {isa = PBXFileReference; fileEncoding = 4; lastKnownFileType = sourcecode.c.objc; path = LCPReachability.m; sourceTree = "<group>"; };
		1837C62724AADD2900D27ACD /* ENDNetWorkPUT.h */ = {isa = PBXFileReference; fileEncoding = 4; lastKnownFileType = sourcecode.c.h; path = ENDNetWorkPUT.h; sourceTree = "<group>"; };
		1837C62824AADD2900D27ACD /* ENDNetWorkPOST.m */ = {isa = PBXFileReference; fileEncoding = 4; lastKnownFileType = sourcecode.c.objc; path = ENDNetWorkPOST.m; sourceTree = "<group>"; };
		1837C62924AADD2900D27ACD /* ENDLCPNetWorkERROR.h */ = {isa = PBXFileReference; fileEncoding = 4; lastKnownFileType = sourcecode.c.h; path = ENDLCPNetWorkERROR.h; sourceTree = "<group>"; };
		1837C62A24AADD2900D27ACD /* ENDNetWorkManager.m */ = {isa = PBXFileReference; fileEncoding = 4; lastKnownFileType = sourcecode.c.objc; path = ENDNetWorkManager.m; sourceTree = "<group>"; };
		1837C62B24AADD2900D27ACD /* ENDNetWorkDELETE.m */ = {isa = PBXFileReference; fileEncoding = 4; lastKnownFileType = sourcecode.c.objc; path = ENDNetWorkDELETE.m; sourceTree = "<group>"; };
		1837C62C24AADD2900D27ACD /* ENDLCPNetWorkGET.h */ = {isa = PBXFileReference; fileEncoding = 4; lastKnownFileType = sourcecode.c.h; path = ENDLCPNetWorkGET.h; sourceTree = "<group>"; };
		1837C62D24AADD2900D27ACD /* ENDNetWorkPOST.h */ = {isa = PBXFileReference; fileEncoding = 4; lastKnownFileType = sourcecode.c.h; path = ENDNetWorkPOST.h; sourceTree = "<group>"; };
		1837C62E24AADD2900D27ACD /* ENDNetWorkPUT.m */ = {isa = PBXFileReference; fileEncoding = 4; lastKnownFileType = sourcecode.c.objc; path = ENDNetWorkPUT.m; sourceTree = "<group>"; };
		1837C62F24AADD2900D27ACD /* ENDNetWorkManager.h */ = {isa = PBXFileReference; fileEncoding = 4; lastKnownFileType = sourcecode.c.h; path = ENDNetWorkManager.h; sourceTree = "<group>"; };
		1837C63024AADD2900D27ACD /* ENDLCPNetWorkERROR.m */ = {isa = PBXFileReference; fileEncoding = 4; lastKnownFileType = sourcecode.c.objc; path = ENDLCPNetWorkERROR.m; sourceTree = "<group>"; };
		1837C63224AADD2900D27ACD /* UIImage+OriginalImage.h */ = {isa = PBXFileReference; fileEncoding = 4; lastKnownFileType = sourcecode.c.h; path = "UIImage+OriginalImage.h"; sourceTree = "<group>"; };
		1837C63324AADD2900D27ACD /* UIColor+Hex.m */ = {isa = PBXFileReference; fileEncoding = 4; lastKnownFileType = sourcecode.c.objc; path = "UIColor+Hex.m"; sourceTree = "<group>"; };
		1837C63424AADD2900D27ACD /* UIImage+Image.m */ = {isa = PBXFileReference; fileEncoding = 4; lastKnownFileType = sourcecode.c.objc; path = "UIImage+Image.m"; sourceTree = "<group>"; };
		1837C63524AADD2900D27ACD /* UIColor+Hex.h */ = {isa = PBXFileReference; fileEncoding = 4; lastKnownFileType = sourcecode.c.h; path = "UIColor+Hex.h"; sourceTree = "<group>"; };
		1837C63624AADD2900D27ACD /* UIImage+OriginalImage.m */ = {isa = PBXFileReference; fileEncoding = 4; lastKnownFileType = sourcecode.c.objc; path = "UIImage+OriginalImage.m"; sourceTree = "<group>"; };
		1837C63724AADD2900D27ACD /* UIImage+Image.h */ = {isa = PBXFileReference; fileEncoding = 4; lastKnownFileType = sourcecode.c.h; path = "UIImage+Image.h"; sourceTree = "<group>"; };
		1837C63924AADD2900D27ACD /* BaseTabBarController.h */ = {isa = PBXFileReference; fileEncoding = 4; lastKnownFileType = sourcecode.c.h; path = BaseTabBarController.h; sourceTree = "<group>"; };
		1837C63A24AADD2900D27ACD /* BaseModel.m */ = {isa = PBXFileReference; fileEncoding = 4; lastKnownFileType = sourcecode.c.objc; path = BaseModel.m; sourceTree = "<group>"; };
		1837C63B24AADD2900D27ACD /* TestTabBar.h */ = {isa = PBXFileReference; fileEncoding = 4; lastKnownFileType = sourcecode.c.h; path = TestTabBar.h; sourceTree = "<group>"; };
		1837C63C24AADD2900D27ACD /* BaseModel.h */ = {isa = PBXFileReference; fileEncoding = 4; lastKnownFileType = sourcecode.c.h; path = BaseModel.h; sourceTree = "<group>"; };
		1837C63D24AADD2900D27ACD /* BaseTabBarController.m */ = {isa = PBXFileReference; fileEncoding = 4; lastKnownFileType = sourcecode.c.objc; path = BaseTabBarController.m; sourceTree = "<group>"; };
		1837C63E24AADD2900D27ACD /* TestTabBar.m */ = {isa = PBXFileReference; fileEncoding = 4; lastKnownFileType = sourcecode.c.objc; path = TestTabBar.m; sourceTree = "<group>"; };
		1837C64024AADD2900D27ACD /* MacroStringHeader.h */ = {isa = PBXFileReference; fileEncoding = 4; lastKnownFileType = sourcecode.c.h; path = MacroStringHeader.h; sourceTree = "<group>"; };
		1837C64124AADD2900D27ACD /* MacroEnumHeader.h */ = {isa = PBXFileReference; fileEncoding = 4; lastKnownFileType = sourcecode.c.h; path = MacroEnumHeader.h; sourceTree = "<group>"; };
		1837C64224AADD2900D27ACD /* MacroNetWorkHeader.h */ = {isa = PBXFileReference; fileEncoding = 4; lastKnownFileType = sourcecode.c.h; path = MacroNetWorkHeader.h; sourceTree = "<group>"; };
		1837C64324AADD2900D27ACD /* MacroUrlHeader.h */ = {isa = PBXFileReference; fileEncoding = 4; lastKnownFileType = sourcecode.c.h; path = MacroUrlHeader.h; sourceTree = "<group>"; };
		1837C64424AADD2900D27ACD /* MacroHeader.h */ = {isa = PBXFileReference; fileEncoding = 4; lastKnownFileType = sourcecode.c.h; path = MacroHeader.h; sourceTree = "<group>"; };
		1837C64524AADD2900D27ACD /* PrefixHeader.pch */ = {isa = PBXFileReference; fileEncoding = 4; lastKnownFileType = sourcecode.c.h; path = PrefixHeader.pch; sourceTree = "<group>"; };
		1837C65D24AADE5700D27ACD /* HomeVC.h */ = {isa = PBXFileReference; lastKnownFileType = sourcecode.c.h; path = HomeVC.h; sourceTree = "<group>"; };
		1837C65E24AADE5700D27ACD /* HomeVC.m */ = {isa = PBXFileReference; lastKnownFileType = sourcecode.c.objc; path = HomeVC.m; sourceTree = "<group>"; };
		1837C65F24AADE5700D27ACD /* HomeVC.xib */ = {isa = PBXFileReference; lastKnownFileType = file.xib; path = HomeVC.xib; sourceTree = "<group>"; };
		1837C66224AADE7500D27ACD /* QuotesVC.h */ = {isa = PBXFileReference; lastKnownFileType = sourcecode.c.h; path = QuotesVC.h; sourceTree = "<group>"; };
		1837C66324AADE7500D27ACD /* QuotesVC.m */ = {isa = PBXFileReference; lastKnownFileType = sourcecode.c.objc; path = QuotesVC.m; sourceTree = "<group>"; };
		1837C66424AADE7500D27ACD /* QuotesVC.xib */ = {isa = PBXFileReference; lastKnownFileType = file.xib; path = QuotesVC.xib; sourceTree = "<group>"; };
		1837C66724AADE8B00D27ACD /* PublishVC.h */ = {isa = PBXFileReference; lastKnownFileType = sourcecode.c.h; path = PublishVC.h; sourceTree = "<group>"; };
		1837C66824AADE8B00D27ACD /* PublishVC.m */ = {isa = PBXFileReference; lastKnownFileType = sourcecode.c.objc; path = PublishVC.m; sourceTree = "<group>"; };
		1837C66924AADE8B00D27ACD /* PublishVC.xib */ = {isa = PBXFileReference; lastKnownFileType = file.xib; path = PublishVC.xib; sourceTree = "<group>"; };
		1837C66C24AADEA400D27ACD /* NewsVC.h */ = {isa = PBXFileReference; lastKnownFileType = sourcecode.c.h; path = NewsVC.h; sourceTree = "<group>"; };
		1837C66D24AADEA400D27ACD /* NewsVC.m */ = {isa = PBXFileReference; lastKnownFileType = sourcecode.c.objc; path = NewsVC.m; sourceTree = "<group>"; };
		1837C66E24AADEA400D27ACD /* NewsVC.xib */ = {isa = PBXFileReference; lastKnownFileType = file.xib; path = NewsVC.xib; sourceTree = "<group>"; };
		1837C67124AADEB100D27ACD /* MineVC.h */ = {isa = PBXFileReference; lastKnownFileType = sourcecode.c.h; path = MineVC.h; sourceTree = "<group>"; };
		1837C67224AADEB100D27ACD /* MineVC.m */ = {isa = PBXFileReference; lastKnownFileType = sourcecode.c.objc; path = MineVC.m; sourceTree = "<group>"; };
		1837C67324AADEB100D27ACD /* MineVC.xib */ = {isa = PBXFileReference; lastKnownFileType = file.xib; path = MineVC.xib; sourceTree = "<group>"; };
		1837C67624AADFEB00D27ACD /* BaseNavigationController.h */ = {isa = PBXFileReference; fileEncoding = 4; lastKnownFileType = sourcecode.c.h; path = BaseNavigationController.h; sourceTree = "<group>"; };
		1837C67724AADFEB00D27ACD /* BaseNavigationController.m */ = {isa = PBXFileReference; fileEncoding = 4; lastKnownFileType = sourcecode.c.objc; path = BaseNavigationController.m; sourceTree = "<group>"; };
		1837C67924AB09E800D27ACD /* HomeHeaderView.h */ = {isa = PBXFileReference; lastKnownFileType = sourcecode.c.h; path = HomeHeaderView.h; sourceTree = "<group>"; };
		1837C67A24AB09E800D27ACD /* HomeHeaderView.m */ = {isa = PBXFileReference; lastKnownFileType = sourcecode.c.objc; path = HomeHeaderView.m; sourceTree = "<group>"; };
		1837C67C24AB0AE200D27ACD /* HomeHeaderView.xib */ = {isa = PBXFileReference; lastKnownFileType = file.xib; path = HomeHeaderView.xib; sourceTree = "<group>"; };
		1837C67E24AB2D1300D27ACD /* HomeTitleView.h */ = {isa = PBXFileReference; lastKnownFileType = sourcecode.c.h; path = HomeTitleView.h; sourceTree = "<group>"; };
		1837C67F24AB2D1300D27ACD /* HomeTitleView.m */ = {isa = PBXFileReference; lastKnownFileType = sourcecode.c.objc; path = HomeTitleView.m; sourceTree = "<group>"; };
		1837C68124AB2D1E00D27ACD /* HomeTitleView.xib */ = {isa = PBXFileReference; lastKnownFileType = file.xib; path = HomeTitleView.xib; sourceTree = "<group>"; };
		1837C68324AB2F2E00D27ACD /* HomeQuotesTableCell.h */ = {isa = PBXFileReference; lastKnownFileType = sourcecode.c.h; path = HomeQuotesTableCell.h; sourceTree = "<group>"; };
		1837C68424AB2F2E00D27ACD /* HomeQuotesTableCell.m */ = {isa = PBXFileReference; lastKnownFileType = sourcecode.c.objc; path = HomeQuotesTableCell.m; sourceTree = "<group>"; };
		1837C68524AB2F2E00D27ACD /* HomeQuotesTableCell.xib */ = {isa = PBXFileReference; lastKnownFileType = file.xib; path = HomeQuotesTableCell.xib; sourceTree = "<group>"; };
		1837C68824AB2F7E00D27ACD /* HotNewsTableCell.h */ = {isa = PBXFileReference; lastKnownFileType = sourcecode.c.h; path = HotNewsTableCell.h; sourceTree = "<group>"; };
		1837C68924AB2F7E00D27ACD /* HotNewsTableCell.m */ = {isa = PBXFileReference; lastKnownFileType = sourcecode.c.objc; path = HotNewsTableCell.m; sourceTree = "<group>"; };
		1837C68A24AB2F7E00D27ACD /* HotNewsTableCell.xib */ = {isa = PBXFileReference; lastKnownFileType = file.xib; path = HotNewsTableCell.xib; sourceTree = "<group>"; };
		1837C68D24AB37AD00D27ACD /* QuotesCenterTableCell.h */ = {isa = PBXFileReference; lastKnownFileType = sourcecode.c.h; path = QuotesCenterTableCell.h; sourceTree = "<group>"; };
		1837C68E24AB37AD00D27ACD /* QuotesCenterTableCell.m */ = {isa = PBXFileReference; lastKnownFileType = sourcecode.c.objc; path = QuotesCenterTableCell.m; sourceTree = "<group>"; };
		1837C68F24AB37AD00D27ACD /* QuotesCenterTableCell.xib */ = {isa = PBXFileReference; lastKnownFileType = file.xib; path = QuotesCenterTableCell.xib; sourceTree = "<group>"; };
		1837C69624AB3B3700D27ACD /* QuotesHeadView.h */ = {isa = PBXFileReference; lastKnownFileType = sourcecode.c.h; path = QuotesHeadView.h; sourceTree = "<group>"; };
		1837C69724AB3B3700D27ACD /* QuotesHeadView.m */ = {isa = PBXFileReference; lastKnownFileType = sourcecode.c.objc; path = QuotesHeadView.m; sourceTree = "<group>"; };
		1837C69924AB3B4500D27ACD /* QuotesHeadView.xib */ = {isa = PBXFileReference; lastKnownFileType = file.xib; path = QuotesHeadView.xib; sourceTree = "<group>"; };
		18672AE924AC66B800BF4B17 /* ContentBaseViewController.h */ = {isa = PBXFileReference; fileEncoding = 4; lastKnownFileType = sourcecode.c.h; path = ContentBaseViewController.h; sourceTree = "<group>"; };
		18672AEA24AC66B800BF4B17 /* ContentBaseViewController.m */ = {isa = PBXFileReference; fileEncoding = 4; lastKnownFileType = sourcecode.c.objc; path = ContentBaseViewController.m; sourceTree = "<group>"; };
		18672AEC24AC673000BF4B17 /* ListViewController.h */ = {isa = PBXFileReference; fileEncoding = 4; lastKnownFileType = sourcecode.c.h; path = ListViewController.h; sourceTree = "<group>"; };
		18672AED24AC673000BF4B17 /* ListViewController.m */ = {isa = PBXFileReference; fileEncoding = 4; lastKnownFileType = sourcecode.c.objc; path = ListViewController.m; sourceTree = "<group>"; };
		18672AEF24AC67CF00BF4B17 /* AttentionVC.h */ = {isa = PBXFileReference; lastKnownFileType = sourcecode.c.h; path = AttentionVC.h; sourceTree = "<group>"; };
		18672AF024AC67CF00BF4B17 /* AttentionVC.m */ = {isa = PBXFileReference; lastKnownFileType = sourcecode.c.objc; path = AttentionVC.m; sourceTree = "<group>"; };
		18672AF124AC67CF00BF4B17 /* AttentionVC.xib */ = {isa = PBXFileReference; lastKnownFileType = file.xib; path = AttentionVC.xib; sourceTree = "<group>"; };
		18672AF424AC682800BF4B17 /* PopularVC.h */ = {isa = PBXFileReference; lastKnownFileType = sourcecode.c.h; path = PopularVC.h; sourceTree = "<group>"; };
		18672AF524AC682800BF4B17 /* PopularVC.m */ = {isa = PBXFileReference; lastKnownFileType = sourcecode.c.objc; path = PopularVC.m; sourceTree = "<group>"; };
		18672AF624AC682800BF4B17 /* PopularVC.xib */ = {isa = PBXFileReference; lastKnownFileType = file.xib; path = PopularVC.xib; sourceTree = "<group>"; };
		18672AF924AC683F00BF4B17 /* TopicVC.h */ = {isa = PBXFileReference; lastKnownFileType = sourcecode.c.h; path = TopicVC.h; sourceTree = "<group>"; };
		18672AFA24AC683F00BF4B17 /* TopicVC.m */ = {isa = PBXFileReference; lastKnownFileType = sourcecode.c.objc; path = TopicVC.m; sourceTree = "<group>"; };
		18672AFB24AC683F00BF4B17 /* TopicVC.xib */ = {isa = PBXFileReference; lastKnownFileType = file.xib; path = TopicVC.xib; sourceTree = "<group>"; };
		18672B0124AC71F100BF4B17 /* ShowNewsTableCell.h */ = {isa = PBXFileReference; lastKnownFileType = sourcecode.c.h; path = ShowNewsTableCell.h; sourceTree = "<group>"; };
		18672B0224AC71F100BF4B17 /* ShowNewsTableCell.m */ = {isa = PBXFileReference; lastKnownFileType = sourcecode.c.objc; path = ShowNewsTableCell.m; sourceTree = "<group>"; };
		18672B0324AC71F100BF4B17 /* ShowNewsTableCell.xib */ = {isa = PBXFileReference; lastKnownFileType = file.xib; path = ShowNewsTableCell.xib; sourceTree = "<group>"; };
		18672B0624AC819000BF4B17 /* BusinessNewsVC.h */ = {isa = PBXFileReference; lastKnownFileType = sourcecode.c.h; path = BusinessNewsVC.h; sourceTree = "<group>"; };
		18672B0724AC819000BF4B17 /* BusinessNewsVC.m */ = {isa = PBXFileReference; lastKnownFileType = sourcecode.c.objc; path = BusinessNewsVC.m; sourceTree = "<group>"; };
		18672B0824AC819000BF4B17 /* BusinessNewsVC.xib */ = {isa = PBXFileReference; lastKnownFileType = file.xib; path = BusinessNewsVC.xib; sourceTree = "<group>"; };
		18672B0B24AC81A300BF4B17 /* TimeNewsVC.h */ = {isa = PBXFileReference; lastKnownFileType = sourcecode.c.h; path = TimeNewsVC.h; sourceTree = "<group>"; };
		18672B0C24AC81A300BF4B17 /* TimeNewsVC.m */ = {isa = PBXFileReference; lastKnownFileType = sourcecode.c.objc; path = TimeNewsVC.m; sourceTree = "<group>"; };
		18672B0D24AC81A300BF4B17 /* TimeNewsVC.xib */ = {isa = PBXFileReference; lastKnownFileType = file.xib; path = TimeNewsVC.xib; sourceTree = "<group>"; };
		18672B1224AC891300BF4B17 /* BusinessNewsTableCell.h */ = {isa = PBXFileReference; lastKnownFileType = sourcecode.c.h; path = BusinessNewsTableCell.h; sourceTree = "<group>"; };
		18672B1324AC891300BF4B17 /* BusinessNewsTableCell.m */ = {isa = PBXFileReference; lastKnownFileType = sourcecode.c.objc; path = BusinessNewsTableCell.m; sourceTree = "<group>"; };
		18672B1424AC891300BF4B17 /* BusinessNewsTableCell.xib */ = {isa = PBXFileReference; lastKnownFileType = file.xib; path = BusinessNewsTableCell.xib; sourceTree = "<group>"; };
		18672B1724AC8B6400BF4B17 /* SearchHeadView.h */ = {isa = PBXFileReference; lastKnownFileType = sourcecode.c.h; path = SearchHeadView.h; sourceTree = "<group>"; };
		18672B1824AC8B6400BF4B17 /* SearchHeadView.m */ = {isa = PBXFileReference; lastKnownFileType = sourcecode.c.objc; path = SearchHeadView.m; sourceTree = "<group>"; };
		18672B1A24AC8B7200BF4B17 /* SearchHeadView.xib */ = {isa = PBXFileReference; lastKnownFileType = file.xib; path = SearchHeadView.xib; sourceTree = "<group>"; };
		186E614624AD896A00658E37 /* MineItemTableCell.h */ = {isa = PBXFileReference; lastKnownFileType = sourcecode.c.h; path = MineItemTableCell.h; sourceTree = "<group>"; };
		186E614724AD896A00658E37 /* MineItemTableCell.m */ = {isa = PBXFileReference; lastKnownFileType = sourcecode.c.objc; path = MineItemTableCell.m; sourceTree = "<group>"; };
		186E614824AD896A00658E37 /* MineItemTableCell.xib */ = {isa = PBXFileReference; lastKnownFileType = file.xib; path = MineItemTableCell.xib; sourceTree = "<group>"; };
		186E614B24ADA8A000658E37 /* MineInfoTableCell.h */ = {isa = PBXFileReference; lastKnownFileType = sourcecode.c.h; path = MineInfoTableCell.h; sourceTree = "<group>"; };
		186E614C24ADA8A000658E37 /* MineInfoTableCell.m */ = {isa = PBXFileReference; lastKnownFileType = sourcecode.c.objc; path = MineInfoTableCell.m; sourceTree = "<group>"; };
		186E614D24ADA8A000658E37 /* MineInfoTableCell.xib */ = {isa = PBXFileReference; lastKnownFileType = file.xib; path = MineInfoTableCell.xib; sourceTree = "<group>"; };
		186E615024ADAD3A00658E37 /* MineOutTableCell.h */ = {isa = PBXFileReference; lastKnownFileType = sourcecode.c.h; path = MineOutTableCell.h; sourceTree = "<group>"; };
		186E615124ADAD3A00658E37 /* MineOutTableCell.m */ = {isa = PBXFileReference; lastKnownFileType = sourcecode.c.objc; path = MineOutTableCell.m; sourceTree = "<group>"; };
		186E615224ADAD3A00658E37 /* MineOutTableCell.xib */ = {isa = PBXFileReference; lastKnownFileType = file.xib; path = MineOutTableCell.xib; sourceTree = "<group>"; };
		186E615524ADB19000658E37 /* MineTitleModel.h */ = {isa = PBXFileReference; lastKnownFileType = sourcecode.c.h; path = MineTitleModel.h; sourceTree = "<group>"; };
		186E615624ADB19000658E37 /* MineTitleModel.m */ = {isa = PBXFileReference; lastKnownFileType = sourcecode.c.objc; path = MineTitleModel.m; sourceTree = "<group>"; };
		186E615824ADBBDE00658E37 /* TopicHeadView.h */ = {isa = PBXFileReference; lastKnownFileType = sourcecode.c.h; path = TopicHeadView.h; sourceTree = "<group>"; };
		186E615924ADBBDE00658E37 /* TopicHeadView.m */ = {isa = PBXFileReference; lastKnownFileType = sourcecode.c.objc; path = TopicHeadView.m; sourceTree = "<group>"; };
		186E615B24ADBBE800658E37 /* TopicHeadView.xib */ = {isa = PBXFileReference; lastKnownFileType = file.xib; path = TopicHeadView.xib; sourceTree = "<group>"; };
		186E615D24ADBC2400658E37 /* TopicFootView.h */ = {isa = PBXFileReference; lastKnownFileType = sourcecode.c.h; path = TopicFootView.h; sourceTree = "<group>"; };
		186E615E24ADBC2400658E37 /* TopicFootView.m */ = {isa = PBXFileReference; lastKnownFileType = sourcecode.c.objc; path = TopicFootView.m; sourceTree = "<group>"; };
		186E616024ADBC2F00658E37 /* TopicFootView.xib */ = {isa = PBXFileReference; lastKnownFileType = file.xib; path = TopicFootView.xib; sourceTree = "<group>"; };
		186E616224ADC3DC00658E37 /* HotTopicTableCell.h */ = {isa = PBXFileReference; lastKnownFileType = sourcecode.c.h; path = HotTopicTableCell.h; sourceTree = "<group>"; };
		186E616324ADC3DC00658E37 /* HotTopicTableCell.m */ = {isa = PBXFileReference; lastKnownFileType = sourcecode.c.objc; path = HotTopicTableCell.m; sourceTree = "<group>"; };
		186E616424ADC3DC00658E37 /* HotTopicTableCell.xib */ = {isa = PBXFileReference; lastKnownFileType = file.xib; path = HotTopicTableCell.xib; sourceTree = "<group>"; };
		186E616724ADD00F00658E37 /* AttentionHeadView.h */ = {isa = PBXFileReference; lastKnownFileType = sourcecode.c.h; path = AttentionHeadView.h; sourceTree = "<group>"; };
		186E616824ADD00F00658E37 /* AttentionHeadView.m */ = {isa = PBXFileReference; lastKnownFileType = sourcecode.c.objc; path = AttentionHeadView.m; sourceTree = "<group>"; };
		186E616A24ADD01E00658E37 /* AttentionHeadView.xib */ = {isa = PBXFileReference; lastKnownFileType = file.xib; path = AttentionHeadView.xib; sourceTree = "<group>"; };
		186E616C24ADD85B00658E37 /* TimeNewsHeadView.h */ = {isa = PBXFileReference; lastKnownFileType = sourcecode.c.h; path = TimeNewsHeadView.h; sourceTree = "<group>"; };
		186E616D24ADD85B00658E37 /* TimeNewsHeadView.m */ = {isa = PBXFileReference; lastKnownFileType = sourcecode.c.objc; path = TimeNewsHeadView.m; sourceTree = "<group>"; };
		186E616F24ADD8A900658E37 /* TimeNewsHeadView.xib */ = {isa = PBXFileReference; lastKnownFileType = file.xib; path = TimeNewsHeadView.xib; sourceTree = "<group>"; };
		18A8A8EC24AEC595007D7AA9 /* TimeNewsTopTableCell.h */ = {isa = PBXFileReference; lastKnownFileType = sourcecode.c.h; path = TimeNewsTopTableCell.h; sourceTree = "<group>"; };
		18A8A8ED24AEC595007D7AA9 /* TimeNewsTopTableCell.m */ = {isa = PBXFileReference; lastKnownFileType = sourcecode.c.objc; path = TimeNewsTopTableCell.m; sourceTree = "<group>"; };
		18A8A8EE24AEC595007D7AA9 /* TimeNewsTopTableCell.xib */ = {isa = PBXFileReference; lastKnownFileType = file.xib; path = TimeNewsTopTableCell.xib; sourceTree = "<group>"; };
		18A8A8F124AEC86E007D7AA9 /* TimeNewsDetailTableCell.h */ = {isa = PBXFileReference; lastKnownFileType = sourcecode.c.h; path = TimeNewsDetailTableCell.h; sourceTree = "<group>"; };
		18A8A8F224AEC86E007D7AA9 /* TimeNewsDetailTableCell.m */ = {isa = PBXFileReference; lastKnownFileType = sourcecode.c.objc; path = TimeNewsDetailTableCell.m; sourceTree = "<group>"; };
		18A8A8F324AEC86E007D7AA9 /* TimeNewsDetailTableCell.xib */ = {isa = PBXFileReference; lastKnownFileType = file.xib; path = TimeNewsDetailTableCell.xib; sourceTree = "<group>"; };
		18A8A8F624AEE081007D7AA9 /* QuotesCollectionCell.h */ = {isa = PBXFileReference; lastKnownFileType = sourcecode.c.h; path = QuotesCollectionCell.h; sourceTree = "<group>"; };
		18A8A8F724AEE081007D7AA9 /* QuotesCollectionCell.m */ = {isa = PBXFileReference; lastKnownFileType = sourcecode.c.objc; path = QuotesCollectionCell.m; sourceTree = "<group>"; };
		18A8A8F824AEE081007D7AA9 /* QuotesCollectionCell.xib */ = {isa = PBXFileReference; lastKnownFileType = file.xib; path = QuotesCollectionCell.xib; sourceTree = "<group>"; };
		18A8A8FB24AF0112007D7AA9 /* AttentionTableCell.h */ = {isa = PBXFileReference; lastKnownFileType = sourcecode.c.h; path = AttentionTableCell.h; sourceTree = "<group>"; };
		18A8A8FC24AF0112007D7AA9 /* AttentionTableCell.m */ = {isa = PBXFileReference; lastKnownFileType = sourcecode.c.objc; path = AttentionTableCell.m; sourceTree = "<group>"; };
		18A8A8FD24AF0112007D7AA9 /* AttentionTableCell.xib */ = {isa = PBXFileReference; lastKnownFileType = file.xib; path = AttentionTableCell.xib; sourceTree = "<group>"; };
		18A8A90024AF0174007D7AA9 /* AttentionCollectionCell.h */ = {isa = PBXFileReference; lastKnownFileType = sourcecode.c.h; path = AttentionCollectionCell.h; sourceTree = "<group>"; };
		18A8A90124AF0174007D7AA9 /* AttentionCollectionCell.m */ = {isa = PBXFileReference; lastKnownFileType = sourcecode.c.objc; path = AttentionCollectionCell.m; sourceTree = "<group>"; };
		18A8A90224AF0174007D7AA9 /* AttentionCollectionCell.xib */ = {isa = PBXFileReference; lastKnownFileType = file.xib; path = AttentionCollectionCell.xib; sourceTree = "<group>"; };
		18A8A90624AF0FB7007D7AA9 /* CalendarVC.h */ = {isa = PBXFileReference; lastKnownFileType = sourcecode.c.h; path = CalendarVC.h; sourceTree = "<group>"; };
		18A8A90724AF0FB7007D7AA9 /* CalendarVC.m */ = {isa = PBXFileReference; lastKnownFileType = sourcecode.c.objc; path = CalendarVC.m; sourceTree = "<group>"; };
		18A8A90824AF0FB7007D7AA9 /* CalendarVC.xib */ = {isa = PBXFileReference; lastKnownFileType = file.xib; path = CalendarVC.xib; sourceTree = "<group>"; };
		18A8A90B24AF1839007D7AA9 /* CalendarHeadView.h */ = {isa = PBXFileReference; lastKnownFileType = sourcecode.c.h; path = CalendarHeadView.h; sourceTree = "<group>"; };
		18A8A90C24AF1839007D7AA9 /* CalendarHeadView.m */ = {isa = PBXFileReference; lastKnownFileType = sourcecode.c.objc; path = CalendarHeadView.m; sourceTree = "<group>"; };
		18A8A90E24AF1845007D7AA9 /* CalendarHeadView.xib */ = {isa = PBXFileReference; lastKnownFileType = file.xib; path = CalendarHeadView.xib; sourceTree = "<group>"; };
		18A8A91024AF188A007D7AA9 /* CalendarTableViewCell.h */ = {isa = PBXFileReference; lastKnownFileType = sourcecode.c.h; path = CalendarTableViewCell.h; sourceTree = "<group>"; };
		18A8A91124AF188A007D7AA9 /* CalendarTableViewCell.m */ = {isa = PBXFileReference; lastKnownFileType = sourcecode.c.objc; path = CalendarTableViewCell.m; sourceTree = "<group>"; };
		18A8A91224AF188A007D7AA9 /* CalendarTableViewCell.xib */ = {isa = PBXFileReference; lastKnownFileType = file.xib; path = CalendarTableViewCell.xib; sourceTree = "<group>"; };
		68AA93C2C2B1812DD5096852 /* Pods_forward.framework */ = {isa = PBXFileReference; explicitFileType = wrapper.framework; includeInIndex = 0; path = Pods_forward.framework; sourceTree = BUILT_PRODUCTS_DIR; };
		6DA66BFE9A349C9CCE360BAF /* Pods-forward.release.xcconfig */ = {isa = PBXFileReference; includeInIndex = 1; lastKnownFileType = text.xcconfig; name = "Pods-forward.release.xcconfig"; path = "Target Support Files/Pods-forward/Pods-forward.release.xcconfig"; sourceTree = "<group>"; };
		85E0248B19BCD10735F60D87 /* Pods-forward.debug.xcconfig */ = {isa = PBXFileReference; includeInIndex = 1; lastKnownFileType = text.xcconfig; name = "Pods-forward.debug.xcconfig"; path = "Target Support Files/Pods-forward/Pods-forward.debug.xcconfig"; sourceTree = "<group>"; };
/* End PBXFileReference section */

/* Begin PBXFrameworksBuildPhase section */
		1837C5E724AAD89200D27ACD /* Frameworks */ = {
			isa = PBXFrameworksBuildPhase;
			buildActionMask = 2147483647;
			files = (
				548E54158FFAA2D7DD047AF7 /* Pods_forward.framework in Frameworks */,
			);
			runOnlyForDeploymentPostprocessing = 0;
		};
/* End PBXFrameworksBuildPhase section */

/* Begin PBXGroup section */
		15762DFDA14937BA39ECB6DB /* Pods */ = {
			isa = PBXGroup;
			children = (
				85E0248B19BCD10735F60D87 /* Pods-forward.debug.xcconfig */,
				6DA66BFE9A349C9CCE360BAF /* Pods-forward.release.xcconfig */,
			);
			path = Pods;
			sourceTree = "<group>";
		};
		1837050824AC1FB600A8278D /* M */ = {
			isa = PBXGroup;
			children = (
				1837050C24AC205B00A8278D /* HomeBannerDataModel.h */,
				1837050D24AC205B00A8278D /* HomeBannerDataModel.m */,
			);
			path = M;
			sourceTree = "<group>";
		};
		1837C5E124AAD89200D27ACD = {
			isa = PBXGroup;
			children = (
				1837C5EC24AAD89200D27ACD /* forward */,
				1837C5EB24AAD89200D27ACD /* Products */,
				15762DFDA14937BA39ECB6DB /* Pods */,
				C0F5AB08285E99A6F78E17AA /* Frameworks */,
			);
			sourceTree = "<group>";
		};
		1837C5EB24AAD89200D27ACD /* Products */ = {
			isa = PBXGroup;
			children = (
				1837C5EA24AAD89200D27ACD /* forward.app */,
			);
			name = Products;
			sourceTree = "<group>";
		};
		1837C5EC24AAD89200D27ACD /* forward */ = {
			isa = PBXGroup;
			children = (
				1837C60624AADBCC00D27ACD /* Home */,
				1837C60724AADBE000D27ACD /* Quotes */,
				1837C60824AADC0B00D27ACD /* Publish */,
				1837C60924AADC2700D27ACD /* News */,
				1837C60A24AADC3400D27ACD /* Mine */,
				1837C5ED24AAD89200D27ACD /* AppDelegate.h */,
				1837C5EE24AAD89200D27ACD /* AppDelegate.m */,
				1837C67624AADFEB00D27ACD /* BaseNavigationController.h */,
				1837C67724AADFEB00D27ACD /* BaseNavigationController.m */,
				1837C5F624AAD89200D27ACD /* Main.storyboard */,
				1837C5F924AAD89400D27ACD /* Assets.xcassets */,
				1837C5FB24AAD89400D27ACD /* LaunchScreen.storyboard */,
				1837C5FE24AAD89400D27ACD /* Info.plist */,
				1837C5FF24AAD89400D27ACD /* main.m */,
				1837C60B24AADD2900D27ACD /* SupportFile */,
			);
			path = forward;
			sourceTree = "<group>";
		};
		1837C60624AADBCC00D27ACD /* Home */ = {
			isa = PBXGroup;
			children = (
				18A8A90524AF0F7F007D7AA9 /* Calendar */,
				1837050824AC1FB600A8278D /* M */,
				1837C69324AB37C200D27ACD /* V */,
				1837C69224AB37B300D27ACD /* C */,
			);
			path = Home;
			sourceTree = "<group>";
		};
		1837C60724AADBE000D27ACD /* Quotes */ = {
			isa = PBXGroup;
			children = (
				1837C69524AB37E100D27ACD /* V */,
				1837C69424AB37D700D27ACD /* C */,
			);
			path = Quotes;
			sourceTree = "<group>";
		};
		1837C60824AADC0B00D27ACD /* Publish */ = {
			isa = PBXGroup;
			children = (
				18672B0024AC719900BF4B17 /* M */,
				18672AFF24AC719000BF4B17 /* V */,
				18672AFE24AC718300BF4B17 /* C */,
			);
			path = Publish;
			sourceTree = "<group>";
		};
		1837C60924AADC2700D27ACD /* News */ = {
			isa = PBXGroup;
			children = (
				18672B1124AC88F900BF4B17 /* V */,
				18672B1024AC88EF00BF4B17 /* C */,
			);
			path = News;
			sourceTree = "<group>";
		};
		1837C60A24AADC3400D27ACD /* Mine */ = {
			isa = PBXGroup;
			children = (
				186E614524AD887600658E37 /* M */,
				186E614424AD886C00658E37 /* V */,
				186E614324AD885D00658E37 /* C */,
			);
			path = Mine;
			sourceTree = "<group>";
		};
		1837C60B24AADD2900D27ACD /* SupportFile */ = {
			isa = PBXGroup;
			children = (
				1837C64524AADD2900D27ACD /* PrefixHeader.pch */,
				1837C63824AADD2900D27ACD /* Common */,
				1837C60C24AADD2900D27ACD /* Tools */,
				1837C61F24AADD2900D27ACD /* NetWorkManager */,
				1837C63124AADD2900D27ACD /* Category */,
				1837C63F24AADD2900D27ACD /* Macro */,
			);
			path = SupportFile;
			sourceTree = "<group>";
		};
		1837C60C24AADD2900D27ACD /* Tools */ = {
			isa = PBXGroup;
			children = (
				1837C60D24AADD2900D27ACD /* EGHImagePickerVCManager.m */,
				1837C60E24AADD2900D27ACD /* TimerTool.m */,
				1837C60F24AADD2900D27ACD /* ENDGradientLabel.m */,
				1837C61024AADD2900D27ACD /* EGHViewsTool.m */,
				1837C61124AADD2900D27ACD /* StringAndLabelDealTool.m */,
				1837C61224AADD2900D27ACD /* UILabel+YBAttributeTextTapAction.h */,
				1837C61324AADD2900D27ACD /* NSString+DealError.h */,
				1837C61424AADD2900D27ACD /* EGHCodeTool.h */,
				1837C61524AADD2900D27ACD /* Toast.m */,
				1837C61624AADD2900D27ACD /* EGHImagePickerVCManager.h */,
				1837C61724AADD2900D27ACD /* TimerTool.h */,
				1837C61824AADD2900D27ACD /* UILabel+YBAttributeTextTapAction.m */,
				1837C61924AADD2900D27ACD /* EGHViewsTool.h */,
				1837C61A24AADD2900D27ACD /* StringAndLabelDealTool.h */,
				1837C61B24AADD2900D27ACD /* ENDGradientLabel.h */,
				1837C61C24AADD2900D27ACD /* Toast.h */,
				1837C61D24AADD2900D27ACD /* NSString+DealError.m */,
				1837C61E24AADD2900D27ACD /* EGHCodeTool.m */,
			);
			path = Tools;
			sourceTree = "<group>";
		};
		1837C61F24AADD2900D27ACD /* NetWorkManager */ = {
			isa = PBXGroup;
			children = (
				1837C62024AADD2900D27ACD /* ENDLCPNetWorkGET.m */,
				1837C62124AADD2900D27ACD /* ENDNetWorkDELETE.h */,
				1837C62224AADD2900D27ACD /* NetReachability */,
				1837C62724AADD2900D27ACD /* ENDNetWorkPUT.h */,
				1837C62824AADD2900D27ACD /* ENDNetWorkPOST.m */,
				1837C62924AADD2900D27ACD /* ENDLCPNetWorkERROR.h */,
				1837C62A24AADD2900D27ACD /* ENDNetWorkManager.m */,
				1837C62B24AADD2900D27ACD /* ENDNetWorkDELETE.m */,
				1837C62C24AADD2900D27ACD /* ENDLCPNetWorkGET.h */,
				1837C62D24AADD2900D27ACD /* ENDNetWorkPOST.h */,
				1837C62E24AADD2900D27ACD /* ENDNetWorkPUT.m */,
				1837C62F24AADD2900D27ACD /* ENDNetWorkManager.h */,
				1837C63024AADD2900D27ACD /* ENDLCPNetWorkERROR.m */,
			);
			path = NetWorkManager;
			sourceTree = "<group>";
		};
		1837C62224AADD2900D27ACD /* NetReachability */ = {
			isa = PBXGroup;
			children = (
				1837C62324AADD2900D27ACD /* Reachability.m */,
				1837C62424AADD2900D27ACD /* LCPReachability.h */,
				1837C62524AADD2900D27ACD /* Reachability.h */,
				1837C62624AADD2900D27ACD /* LCPReachability.m */,
			);
			path = NetReachability;
			sourceTree = "<group>";
		};
		1837C63124AADD2900D27ACD /* Category */ = {
			isa = PBXGroup;
			children = (
				1837C63224AADD2900D27ACD /* UIImage+OriginalImage.h */,
				1837C63324AADD2900D27ACD /* UIColor+Hex.m */,
				1837C63424AADD2900D27ACD /* UIImage+Image.m */,
				1837C63524AADD2900D27ACD /* UIColor+Hex.h */,
				1837C63624AADD2900D27ACD /* UIImage+OriginalImage.m */,
				1837C63724AADD2900D27ACD /* UIImage+Image.h */,
			);
			path = Category;
			sourceTree = "<group>";
		};
		1837C63824AADD2900D27ACD /* Common */ = {
			isa = PBXGroup;
			children = (
				1837C63C24AADD2900D27ACD /* BaseModel.h */,
				1837C63A24AADD2900D27ACD /* BaseModel.m */,
				1837C63924AADD2900D27ACD /* BaseTabBarController.h */,
				1837C63D24AADD2900D27ACD /* BaseTabBarController.m */,
				1837C63B24AADD2900D27ACD /* TestTabBar.h */,
				1837C63E24AADD2900D27ACD /* TestTabBar.m */,
				18672AEC24AC673000BF4B17 /* ListViewController.h */,
				18672AED24AC673000BF4B17 /* ListViewController.m */,
				18672AE924AC66B800BF4B17 /* ContentBaseViewController.h */,
				18672AEA24AC66B800BF4B17 /* ContentBaseViewController.m */,
			);
			path = Common;
			sourceTree = "<group>";
		};
		1837C63F24AADD2900D27ACD /* Macro */ = {
			isa = PBXGroup;
			children = (
				1837C64024AADD2900D27ACD /* MacroStringHeader.h */,
				1837C64124AADD2900D27ACD /* MacroEnumHeader.h */,
				1837C64224AADD2900D27ACD /* MacroNetWorkHeader.h */,
				1837C64324AADD2900D27ACD /* MacroUrlHeader.h */,
				1837C64424AADD2900D27ACD /* MacroHeader.h */,
			);
			path = Macro;
			sourceTree = "<group>";
		};
		1837C69224AB37B300D27ACD /* C */ = {
			isa = PBXGroup;
			children = (
				1837C65D24AADE5700D27ACD /* HomeVC.h */,
				1837C65E24AADE5700D27ACD /* HomeVC.m */,
				1837C65F24AADE5700D27ACD /* HomeVC.xib */,
			);
			path = C;
			sourceTree = "<group>";
		};
		1837C69324AB37C200D27ACD /* V */ = {
			isa = PBXGroup;
			children = (
				1837C67924AB09E800D27ACD /* HomeHeaderView.h */,
				1837C67A24AB09E800D27ACD /* HomeHeaderView.m */,
				1837C67C24AB0AE200D27ACD /* HomeHeaderView.xib */,
				1837C67E24AB2D1300D27ACD /* HomeTitleView.h */,
				1837C67F24AB2D1300D27ACD /* HomeTitleView.m */,
				1837C68124AB2D1E00D27ACD /* HomeTitleView.xib */,
				1837C68324AB2F2E00D27ACD /* HomeQuotesTableCell.h */,
				1837C68424AB2F2E00D27ACD /* HomeQuotesTableCell.m */,
				1837C68524AB2F2E00D27ACD /* HomeQuotesTableCell.xib */,
				18A8A8F624AEE081007D7AA9 /* QuotesCollectionCell.h */,
				18A8A8F724AEE081007D7AA9 /* QuotesCollectionCell.m */,
				18A8A8F824AEE081007D7AA9 /* QuotesCollectionCell.xib */,
				1837C68824AB2F7E00D27ACD /* HotNewsTableCell.h */,
				1837C68924AB2F7E00D27ACD /* HotNewsTableCell.m */,
				1837C68A24AB2F7E00D27ACD /* HotNewsTableCell.xib */,
			);
			path = V;
			sourceTree = "<group>";
		};
		1837C69424AB37D700D27ACD /* C */ = {
			isa = PBXGroup;
			children = (
				1837C66224AADE7500D27ACD /* QuotesVC.h */,
				1837C66324AADE7500D27ACD /* QuotesVC.m */,
				1837C66424AADE7500D27ACD /* QuotesVC.xib */,
			);
			path = C;
			sourceTree = "<group>";
		};
		1837C69524AB37E100D27ACD /* V */ = {
			isa = PBXGroup;
			children = (
				1837C69624AB3B3700D27ACD /* QuotesHeadView.h */,
				1837C69724AB3B3700D27ACD /* QuotesHeadView.m */,
				1837C69924AB3B4500D27ACD /* QuotesHeadView.xib */,
				1837C68D24AB37AD00D27ACD /* QuotesCenterTableCell.h */,
				1837C68E24AB37AD00D27ACD /* QuotesCenterTableCell.m */,
				1837C68F24AB37AD00D27ACD /* QuotesCenterTableCell.xib */,
			);
			path = V;
			sourceTree = "<group>";
		};
		18672AFE24AC718300BF4B17 /* C */ = {
			isa = PBXGroup;
			children = (
				1837C66724AADE8B00D27ACD /* PublishVC.h */,
				1837C66824AADE8B00D27ACD /* PublishVC.m */,
				1837C66924AADE8B00D27ACD /* PublishVC.xib */,
				18672AEF24AC67CF00BF4B17 /* AttentionVC.h */,
				18672AF024AC67CF00BF4B17 /* AttentionVC.m */,
				18672AF124AC67CF00BF4B17 /* AttentionVC.xib */,
				18672AF424AC682800BF4B17 /* PopularVC.h */,
				18672AF524AC682800BF4B17 /* PopularVC.m */,
				18672AF624AC682800BF4B17 /* PopularVC.xib */,
				18672AF924AC683F00BF4B17 /* TopicVC.h */,
				18672AFA24AC683F00BF4B17 /* TopicVC.m */,
				18672AFB24AC683F00BF4B17 /* TopicVC.xib */,
			);
			path = C;
			sourceTree = "<group>";
		};
		18672AFF24AC719000BF4B17 /* V */ = {
			isa = PBXGroup;
			children = (
				18672B0124AC71F100BF4B17 /* ShowNewsTableCell.h */,
				18672B0224AC71F100BF4B17 /* ShowNewsTableCell.m */,
				18672B0324AC71F100BF4B17 /* ShowNewsTableCell.xib */,
				186E616724ADD00F00658E37 /* AttentionHeadView.h */,
				186E616824ADD00F00658E37 /* AttentionHeadView.m */,
				186E616A24ADD01E00658E37 /* AttentionHeadView.xib */,
				186E615824ADBBDE00658E37 /* TopicHeadView.h */,
				186E615924ADBBDE00658E37 /* TopicHeadView.m */,
				186E615B24ADBBE800658E37 /* TopicHeadView.xib */,
				186E615D24ADBC2400658E37 /* TopicFootView.h */,
				186E615E24ADBC2400658E37 /* TopicFootView.m */,
				186E616024ADBC2F00658E37 /* TopicFootView.xib */,
				186E616224ADC3DC00658E37 /* HotTopicTableCell.h */,
				186E616324ADC3DC00658E37 /* HotTopicTableCell.m */,
				186E616424ADC3DC00658E37 /* HotTopicTableCell.xib */,
				18A8A8FB24AF0112007D7AA9 /* AttentionTableCell.h */,
				18A8A8FC24AF0112007D7AA9 /* AttentionTableCell.m */,
				18A8A8FD24AF0112007D7AA9 /* AttentionTableCell.xib */,
				18A8A90024AF0174007D7AA9 /* AttentionCollectionCell.h */,
				18A8A90124AF0174007D7AA9 /* AttentionCollectionCell.m */,
				18A8A90224AF0174007D7AA9 /* AttentionCollectionCell.xib */,
			);
			path = V;
			sourceTree = "<group>";
		};
		18672B0024AC719900BF4B17 /* M */ = {
			isa = PBXGroup;
			children = (
			);
			path = M;
			sourceTree = "<group>";
		};
		18672B1024AC88EF00BF4B17 /* C */ = {
			isa = PBXGroup;
			children = (
				1837C66C24AADEA400D27ACD /* NewsVC.h */,
				1837C66D24AADEA400D27ACD /* NewsVC.m */,
				1837C66E24AADEA400D27ACD /* NewsVC.xib */,
				18672B0624AC819000BF4B17 /* BusinessNewsVC.h */,
				18672B0724AC819000BF4B17 /* BusinessNewsVC.m */,
				18672B0824AC819000BF4B17 /* BusinessNewsVC.xib */,
				18672B0B24AC81A300BF4B17 /* TimeNewsVC.h */,
				18672B0C24AC81A300BF4B17 /* TimeNewsVC.m */,
				18672B0D24AC81A300BF4B17 /* TimeNewsVC.xib */,
			);
			path = C;
			sourceTree = "<group>";
		};
		18672B1124AC88F900BF4B17 /* V */ = {
			isa = PBXGroup;
			children = (
				18672B1224AC891300BF4B17 /* BusinessNewsTableCell.h */,
				18672B1324AC891300BF4B17 /* BusinessNewsTableCell.m */,
				18672B1424AC891300BF4B17 /* BusinessNewsTableCell.xib */,
				18672B1724AC8B6400BF4B17 /* SearchHeadView.h */,
				18672B1824AC8B6400BF4B17 /* SearchHeadView.m */,
				18672B1A24AC8B7200BF4B17 /* SearchHeadView.xib */,
				186E616C24ADD85B00658E37 /* TimeNewsHeadView.h */,
				186E616D24ADD85B00658E37 /* TimeNewsHeadView.m */,
				186E616F24ADD8A900658E37 /* TimeNewsHeadView.xib */,
				18A8A8EC24AEC595007D7AA9 /* TimeNewsTopTableCell.h */,
				18A8A8ED24AEC595007D7AA9 /* TimeNewsTopTableCell.m */,
				18A8A8EE24AEC595007D7AA9 /* TimeNewsTopTableCell.xib */,
				18A8A8F124AEC86E007D7AA9 /* TimeNewsDetailTableCell.h */,
				18A8A8F224AEC86E007D7AA9 /* TimeNewsDetailTableCell.m */,
				18A8A8F324AEC86E007D7AA9 /* TimeNewsDetailTableCell.xib */,
			);
			path = V;
			sourceTree = "<group>";
		};
		186E614324AD885D00658E37 /* C */ = {
			isa = PBXGroup;
			children = (
				1837C67124AADEB100D27ACD /* MineVC.h */,
				1837C67224AADEB100D27ACD /* MineVC.m */,
				1837C67324AADEB100D27ACD /* MineVC.xib */,
			);
			path = C;
			sourceTree = "<group>";
		};
		186E614424AD886C00658E37 /* V */ = {
			isa = PBXGroup;
			children = (
				186E614624AD896A00658E37 /* MineItemTableCell.h */,
				186E614724AD896A00658E37 /* MineItemTableCell.m */,
				186E614824AD896A00658E37 /* MineItemTableCell.xib */,
				186E614B24ADA8A000658E37 /* MineInfoTableCell.h */,
				186E614C24ADA8A000658E37 /* MineInfoTableCell.m */,
				186E614D24ADA8A000658E37 /* MineInfoTableCell.xib */,
				186E615024ADAD3A00658E37 /* MineOutTableCell.h */,
				186E615124ADAD3A00658E37 /* MineOutTableCell.m */,
				186E615224ADAD3A00658E37 /* MineOutTableCell.xib */,
			);
			path = V;
			sourceTree = "<group>";
		};
		186E614524AD887600658E37 /* M */ = {
			isa = PBXGroup;
			children = (
				186E615524ADB19000658E37 /* MineTitleModel.h */,
				186E615624ADB19000658E37 /* MineTitleModel.m */,
			);
			path = M;
			sourceTree = "<group>";
		};
		18A8A90524AF0F7F007D7AA9 /* Calendar */ = {
			isa = PBXGroup;
			children = (
				18A8A90624AF0FB7007D7AA9 /* CalendarVC.h */,
				18A8A90724AF0FB7007D7AA9 /* CalendarVC.m */,
				18A8A90824AF0FB7007D7AA9 /* CalendarVC.xib */,
				18A8A90B24AF1839007D7AA9 /* CalendarHeadView.h */,
				18A8A90C24AF1839007D7AA9 /* CalendarHeadView.m */,
				18A8A90E24AF1845007D7AA9 /* CalendarHeadView.xib */,
				18A8A91024AF188A007D7AA9 /* CalendarTableViewCell.h */,
				18A8A91124AF188A007D7AA9 /* CalendarTableViewCell.m */,
				18A8A91224AF188A007D7AA9 /* CalendarTableViewCell.xib */,
			);
			path = Calendar;
			sourceTree = "<group>";
		};
		C0F5AB08285E99A6F78E17AA /* Frameworks */ = {
			isa = PBXGroup;
			children = (
				68AA93C2C2B1812DD5096852 /* Pods_forward.framework */,
			);
			name = Frameworks;
			sourceTree = "<group>";
		};
/* End PBXGroup section */

/* Begin PBXNativeTarget section */
		1837C5E924AAD89200D27ACD /* forward */ = {
			isa = PBXNativeTarget;
			buildConfigurationList = 1837C60324AAD89400D27ACD /* Build configuration list for PBXNativeTarget "forward" */;
			buildPhases = (
				07A770A28A322B7CBD4C24FE /* [CP] Check Pods Manifest.lock */,
				1837C5E624AAD89200D27ACD /* Sources */,
				1837C5E724AAD89200D27ACD /* Frameworks */,
				1837C5E824AAD89200D27ACD /* Resources */,
				CEBD61DA30A19A2309A6D8AC /* [CP] Embed Pods Frameworks */,
			);
			buildRules = (
			);
			dependencies = (
			);
			name = forward;
			productName = forward;
			productReference = 1837C5EA24AAD89200D27ACD /* forward.app */;
			productType = "com.apple.product-type.application";
		};
/* End PBXNativeTarget section */

/* Begin PBXProject section */
		1837C5E224AAD89200D27ACD /* Project object */ = {
			isa = PBXProject;
			attributes = {
				LastUpgradeCheck = 1150;
				ORGANIZATIONNAME = zzh;
				TargetAttributes = {
					1837C5E924AAD89200D27ACD = {
						CreatedOnToolsVersion = 11.5;
					};
				};
			};
			buildConfigurationList = 1837C5E524AAD89200D27ACD /* Build configuration list for PBXProject "forward" */;
			compatibilityVersion = "Xcode 9.3";
			developmentRegion = en;
			hasScannedForEncodings = 0;
			knownRegions = (
				en,
				Base,
			);
			mainGroup = 1837C5E124AAD89200D27ACD;
			productRefGroup = 1837C5EB24AAD89200D27ACD /* Products */;
			projectDirPath = "";
			projectRoot = "";
			targets = (
				1837C5E924AAD89200D27ACD /* forward */,
			);
		};
/* End PBXProject section */

/* Begin PBXResourcesBuildPhase section */
		1837C5E824AAD89200D27ACD /* Resources */ = {
			isa = PBXResourcesBuildPhase;
			buildActionMask = 2147483647;
			files = (
				1837C66B24AADE8B00D27ACD /* PublishVC.xib in Resources */,
				18A8A90F24AF1845007D7AA9 /* CalendarHeadView.xib in Resources */,
				186E615424ADAD3A00658E37 /* MineOutTableCell.xib in Resources */,
				1837C69124AB37AD00D27ACD /* QuotesCenterTableCell.xib in Resources */,
				1837C66624AADE7500D27ACD /* QuotesVC.xib in Resources */,
				186E617024ADD8A900658E37 /* TimeNewsHeadView.xib in Resources */,
				186E616124ADBC2F00658E37 /* TopicFootView.xib in Resources */,
				186E614F24ADA8A000658E37 /* MineInfoTableCell.xib in Resources */,
				186E616B24ADD01E00658E37 /* AttentionHeadView.xib in Resources */,
				1837C67D24AB0AE200D27ACD /* HomeHeaderView.xib in Resources */,
				18672AFD24AC683F00BF4B17 /* TopicVC.xib in Resources */,
				18A8A90A24AF0FB7007D7AA9 /* CalendarVC.xib in Resources */,
				1837C5FD24AAD89400D27ACD /* LaunchScreen.storyboard in Resources */,
				1837C69A24AB3B4500D27ACD /* QuotesHeadView.xib in Resources */,
				1837C68224AB2D1E00D27ACD /* HomeTitleView.xib in Resources */,
				186E615C24ADBBE800658E37 /* TopicHeadView.xib in Resources */,
				186E614A24AD896A00658E37 /* MineItemTableCell.xib in Resources */,
				1837C68C24AB2F7E00D27ACD /* HotNewsTableCell.xib in Resources */,
				1837C66124AADE5700D27ACD /* HomeVC.xib in Resources */,
				18A8A90424AF0174007D7AA9 /* AttentionCollectionCell.xib in Resources */,
				18A8A8FF24AF0112007D7AA9 /* AttentionTableCell.xib in Resources */,
				18A8A8F024AEC595007D7AA9 /* TimeNewsTopTableCell.xib in Resources */,
				18672B1B24AC8B7200BF4B17 /* SearchHeadView.xib in Resources */,
				18A8A8F524AEC86E007D7AA9 /* TimeNewsDetailTableCell.xib in Resources */,
				1837C67024AADEA400D27ACD /* NewsVC.xib in Resources */,
				18672AF824AC682800BF4B17 /* PopularVC.xib in Resources */,
				1837C67524AADEB200D27ACD /* MineVC.xib in Resources */,
				18A8A8FA24AEE081007D7AA9 /* QuotesCollectionCell.xib in Resources */,
				1837C5FA24AAD89400D27ACD /* Assets.xcassets in Resources */,
				18672B0524AC71F100BF4B17 /* ShowNewsTableCell.xib in Resources */,
				1837C68724AB2F2E00D27ACD /* HomeQuotesTableCell.xib in Resources */,
				18672B0F24AC81A300BF4B17 /* TimeNewsVC.xib in Resources */,
				18672B0A24AC819100BF4B17 /* BusinessNewsVC.xib in Resources */,
				186E616624ADC3DC00658E37 /* HotTopicTableCell.xib in Resources */,
				18672AF324AC67CF00BF4B17 /* AttentionVC.xib in Resources */,
				1837C5F824AAD89200D27ACD /* Main.storyboard in Resources */,
				18672B1624AC891300BF4B17 /* BusinessNewsTableCell.xib in Resources */,
				18A8A91424AF188A007D7AA9 /* CalendarTableViewCell.xib in Resources */,
			);
			runOnlyForDeploymentPostprocessing = 0;
		};
/* End PBXResourcesBuildPhase section */

/* Begin PBXShellScriptBuildPhase section */
		07A770A28A322B7CBD4C24FE /* [CP] Check Pods Manifest.lock */ = {
			isa = PBXShellScriptBuildPhase;
			buildActionMask = 2147483647;
			files = (
			);
			inputFileListPaths = (
			);
			inputPaths = (
				"${PODS_PODFILE_DIR_PATH}/Podfile.lock",
				"${PODS_ROOT}/Manifest.lock",
			);
			name = "[CP] Check Pods Manifest.lock";
			outputFileListPaths = (
			);
			outputPaths = (
				"$(DERIVED_FILE_DIR)/Pods-forward-checkManifestLockResult.txt",
			);
			runOnlyForDeploymentPostprocessing = 0;
			shellPath = /bin/sh;
			shellScript = "diff \"${PODS_PODFILE_DIR_PATH}/Podfile.lock\" \"${PODS_ROOT}/Manifest.lock\" > /dev/null\nif [ $? != 0 ] ; then\n    # print error to STDERR\n    echo \"error: The sandbox is not in sync with the Podfile.lock. Run 'pod install' or update your CocoaPods installation.\" >&2\n    exit 1\nfi\n# This output is used by Xcode 'outputs' to avoid re-running this script phase.\necho \"SUCCESS\" > \"${SCRIPT_OUTPUT_FILE_0}\"\n";
			showEnvVarsInLog = 0;
		};
		CEBD61DA30A19A2309A6D8AC /* [CP] Embed Pods Frameworks */ = {
			isa = PBXShellScriptBuildPhase;
			buildActionMask = 2147483647;
			files = (
			);
			inputFileListPaths = (
				"${PODS_ROOT}/Target Support Files/Pods-forward/Pods-forward-frameworks-${CONFIGURATION}-input-files.xcfilelist",
			);
			name = "[CP] Embed Pods Frameworks";
			outputFileListPaths = (
				"${PODS_ROOT}/Target Support Files/Pods-forward/Pods-forward-frameworks-${CONFIGURATION}-output-files.xcfilelist",
			);
			runOnlyForDeploymentPostprocessing = 0;
			shellPath = /bin/sh;
			shellScript = "\"${PODS_ROOT}/Target Support Files/Pods-forward/Pods-forward-frameworks.sh\"\n";
			showEnvVarsInLog = 0;
		};
/* End PBXShellScriptBuildPhase section */

/* Begin PBXSourcesBuildPhase section */
		1837C5E624AAD89200D27ACD /* Sources */ = {
			isa = PBXSourcesBuildPhase;
			buildActionMask = 2147483647;
			files = (
				18672AF724AC682800BF4B17 /* PopularVC.m in Sources */,
				1837C67824AADFEB00D27ACD /* BaseNavigationController.m in Sources */,
				18A8A8EF24AEC595007D7AA9 /* TimeNewsTopTableCell.m in Sources */,
				186E615F24ADBC2400658E37 /* TopicFootView.m in Sources */,
				1837C68B24AB2F7E00D27ACD /* HotNewsTableCell.m in Sources */,
				1837C65224AADD2900D27ACD /* ENDNetWorkPOST.m in Sources */,
				1837C65724AADD2900D27ACD /* UIColor+Hex.m in Sources */,
				186E615324ADAD3A00658E37 /* MineOutTableCell.m in Sources */,
				1837C65024AADD2900D27ACD /* Reachability.m in Sources */,
				18672AFC24AC683F00BF4B17 /* TopicVC.m in Sources */,
				18672B0924AC819100BF4B17 /* BusinessNewsVC.m in Sources */,
				1837C67424AADEB200D27ACD /* MineVC.m in Sources */,
				18672AF224AC67CF00BF4B17 /* AttentionVC.m in Sources */,
				18A8A91324AF188A007D7AA9 /* CalendarTableViewCell.m in Sources */,
				1837C64D24AADD2900D27ACD /* NSString+DealError.m in Sources */,
				1837C66524AADE7500D27ACD /* QuotesVC.m in Sources */,
				1837C65B24AADD2900D27ACD /* BaseTabBarController.m in Sources */,
				186E616E24ADD85B00658E37 /* TimeNewsHeadView.m in Sources */,
				1837C66A24AADE8B00D27ACD /* PublishVC.m in Sources */,
				18A8A8FE24AF0112007D7AA9 /* AttentionTableCell.m in Sources */,
				18672AEE24AC673000BF4B17 /* ListViewController.m in Sources */,
				18A8A90D24AF1839007D7AA9 /* CalendarHeadView.m in Sources */,
				1837C64C24AADD2900D27ACD /* UILabel+YBAttributeTextTapAction.m in Sources */,
				1837C5EF24AAD89200D27ACD /* AppDelegate.m in Sources */,
				1837C65C24AADD2900D27ACD /* TestTabBar.m in Sources */,
				1837C64824AADD2900D27ACD /* ENDGradientLabel.m in Sources */,
				1837C65424AADD2900D27ACD /* ENDNetWorkDELETE.m in Sources */,
				1837C64724AADD2900D27ACD /* TimerTool.m in Sources */,
				186E616524ADC3DC00658E37 /* HotTopicTableCell.m in Sources */,
				1837C60024AAD89400D27ACD /* main.m in Sources */,
				1837C64E24AADD2900D27ACD /* EGHCodeTool.m in Sources */,
				1837C65624AADD2900D27ACD /* ENDLCPNetWorkERROR.m in Sources */,
				18A8A90924AF0FB7007D7AA9 /* CalendarVC.m in Sources */,
				1837C64A24AADD2900D27ACD /* StringAndLabelDealTool.m in Sources */,
				18A8A8F924AEE081007D7AA9 /* QuotesCollectionCell.m in Sources */,
				186E615A24ADBBDE00658E37 /* TopicHeadView.m in Sources */,
				1837C65324AADD2900D27ACD /* ENDNetWorkManager.m in Sources */,
				1837C68024AB2D1300D27ACD /* HomeTitleView.m in Sources */,
				1837C64B24AADD2900D27ACD /* Toast.m in Sources */,
				18A8A90324AF0174007D7AA9 /* AttentionCollectionCell.m in Sources */,
				1837C66024AADE5700D27ACD /* HomeVC.m in Sources */,
				186E616924ADD00F00658E37 /* AttentionHeadView.m in Sources */,
				1837C65124AADD2900D27ACD /* LCPReachability.m in Sources */,
				18672B1924AC8B6400BF4B17 /* SearchHeadView.m in Sources */,
				1837C64F24AADD2900D27ACD /* ENDLCPNetWorkGET.m in Sources */,
				1837050E24AC205B00A8278D /* HomeBannerDataModel.m in Sources */,
				1837C67B24AB09E800D27ACD /* HomeHeaderView.m in Sources */,
				18672B0424AC71F100BF4B17 /* ShowNewsTableCell.m in Sources */,
				18A8A8F424AEC86E007D7AA9 /* TimeNewsDetailTableCell.m in Sources */,
				1837C68624AB2F2E00D27ACD /* HomeQuotesTableCell.m in Sources */,
				1837C64624AADD2900D27ACD /* EGHImagePickerVCManager.m in Sources */,
				1837C66F24AADEA400D27ACD /* NewsVC.m in Sources */,
				1837C65924AADD2900D27ACD /* UIImage+OriginalImage.m in Sources */,
				18672B1524AC891300BF4B17 /* BusinessNewsTableCell.m in Sources */,
				18672AEB24AC66B800BF4B17 /* ContentBaseViewController.m in Sources */,
				186E614E24ADA8A000658E37 /* MineInfoTableCell.m in Sources */,
				186E615724ADB19000658E37 /* MineTitleModel.m in Sources */,
				1837C65824AADD2900D27ACD /* UIImage+Image.m in Sources */,
				186E614924AD896A00658E37 /* MineItemTableCell.m in Sources */,
				18672B0E24AC81A300BF4B17 /* TimeNewsVC.m in Sources */,
				1837C69024AB37AD00D27ACD /* QuotesCenterTableCell.m in Sources */,
				1837C69824AB3B3700D27ACD /* QuotesHeadView.m in Sources */,
				1837C65524AADD2900D27ACD /* ENDNetWorkPUT.m in Sources */,
				1837C65A24AADD2900D27ACD /* BaseModel.m in Sources */,
				1837C64924AADD2900D27ACD /* EGHViewsTool.m in Sources */,
			);
			runOnlyForDeploymentPostprocessing = 0;
		};
/* End PBXSourcesBuildPhase section */

/* Begin PBXVariantGroup section */
		1837C5F624AAD89200D27ACD /* Main.storyboard */ = {
			isa = PBXVariantGroup;
			children = (
				1837C5F724AAD89200D27ACD /* Base */,
			);
			name = Main.storyboard;
			sourceTree = "<group>";
		};
		1837C5FB24AAD89400D27ACD /* LaunchScreen.storyboard */ = {
			isa = PBXVariantGroup;
			children = (
				1837C5FC24AAD89400D27ACD /* Base */,
			);
			name = LaunchScreen.storyboard;
			sourceTree = "<group>";
		};
/* End PBXVariantGroup section */

/* Begin XCBuildConfiguration section */
		1837C60124AAD89400D27ACD /* Debug */ = {
			isa = XCBuildConfiguration;
			buildSettings = {
				ALWAYS_SEARCH_USER_PATHS = NO;
				CLANG_ANALYZER_NONNULL = YES;
				CLANG_ANALYZER_NUMBER_OBJECT_CONVERSION = YES_AGGRESSIVE;
				CLANG_CXX_LANGUAGE_STANDARD = "gnu++14";
				CLANG_CXX_LIBRARY = "libc++";
				CLANG_ENABLE_MODULES = YES;
				CLANG_ENABLE_OBJC_ARC = YES;
				CLANG_ENABLE_OBJC_WEAK = YES;
				CLANG_WARN_BLOCK_CAPTURE_AUTORELEASING = YES;
				CLANG_WARN_BOOL_CONVERSION = YES;
				CLANG_WARN_COMMA = YES;
				CLANG_WARN_CONSTANT_CONVERSION = YES;
				CLANG_WARN_DEPRECATED_OBJC_IMPLEMENTATIONS = YES;
				CLANG_WARN_DIRECT_OBJC_ISA_USAGE = YES_ERROR;
				CLANG_WARN_DOCUMENTATION_COMMENTS = YES;
				CLANG_WARN_EMPTY_BODY = YES;
				CLANG_WARN_ENUM_CONVERSION = YES;
				CLANG_WARN_INFINITE_RECURSION = YES;
				CLANG_WARN_INT_CONVERSION = YES;
				CLANG_WARN_NON_LITERAL_NULL_CONVERSION = YES;
				CLANG_WARN_OBJC_IMPLICIT_RETAIN_SELF = YES;
				CLANG_WARN_OBJC_LITERAL_CONVERSION = YES;
				CLANG_WARN_OBJC_ROOT_CLASS = YES_ERROR;
				CLANG_WARN_RANGE_LOOP_ANALYSIS = YES;
				CLANG_WARN_STRICT_PROTOTYPES = YES;
				CLANG_WARN_SUSPICIOUS_MOVE = YES;
				CLANG_WARN_UNGUARDED_AVAILABILITY = YES_AGGRESSIVE;
				CLANG_WARN_UNREACHABLE_CODE = YES;
				CLANG_WARN__DUPLICATE_METHOD_MATCH = YES;
				COPY_PHASE_STRIP = NO;
				DEBUG_INFORMATION_FORMAT = dwarf;
				ENABLE_STRICT_OBJC_MSGSEND = YES;
				ENABLE_TESTABILITY = YES;
				GCC_C_LANGUAGE_STANDARD = gnu11;
				GCC_DYNAMIC_NO_PIC = NO;
				GCC_NO_COMMON_BLOCKS = YES;
				GCC_OPTIMIZATION_LEVEL = 0;
				GCC_PREPROCESSOR_DEFINITIONS = (
					"DEBUG=1",
					"$(inherited)",
				);
				GCC_WARN_64_TO_32_BIT_CONVERSION = YES;
				GCC_WARN_ABOUT_RETURN_TYPE = YES_ERROR;
				GCC_WARN_UNDECLARED_SELECTOR = YES;
				GCC_WARN_UNINITIALIZED_AUTOS = YES_AGGRESSIVE;
				GCC_WARN_UNUSED_FUNCTION = YES;
				GCC_WARN_UNUSED_VARIABLE = YES;
				IPHONEOS_DEPLOYMENT_TARGET = 13.5;
				MTL_ENABLE_DEBUG_INFO = INCLUDE_SOURCE;
				MTL_FAST_MATH = YES;
				ONLY_ACTIVE_ARCH = YES;
				SDKROOT = iphoneos;
			};
			name = Debug;
		};
		1837C60224AAD89400D27ACD /* Release */ = {
			isa = XCBuildConfiguration;
			buildSettings = {
				ALWAYS_SEARCH_USER_PATHS = NO;
				CLANG_ANALYZER_NONNULL = YES;
				CLANG_ANALYZER_NUMBER_OBJECT_CONVERSION = YES_AGGRESSIVE;
				CLANG_CXX_LANGUAGE_STANDARD = "gnu++14";
				CLANG_CXX_LIBRARY = "libc++";
				CLANG_ENABLE_MODULES = YES;
				CLANG_ENABLE_OBJC_ARC = YES;
				CLANG_ENABLE_OBJC_WEAK = YES;
				CLANG_WARN_BLOCK_CAPTURE_AUTORELEASING = YES;
				CLANG_WARN_BOOL_CONVERSION = YES;
				CLANG_WARN_COMMA = YES;
				CLANG_WARN_CONSTANT_CONVERSION = YES;
				CLANG_WARN_DEPRECATED_OBJC_IMPLEMENTATIONS = YES;
				CLANG_WARN_DIRECT_OBJC_ISA_USAGE = YES_ERROR;
				CLANG_WARN_DOCUMENTATION_COMMENTS = YES;
				CLANG_WARN_EMPTY_BODY = YES;
				CLANG_WARN_ENUM_CONVERSION = YES;
				CLANG_WARN_INFINITE_RECURSION = YES;
				CLANG_WARN_INT_CONVERSION = YES;
				CLANG_WARN_NON_LITERAL_NULL_CONVERSION = YES;
				CLANG_WARN_OBJC_IMPLICIT_RETAIN_SELF = YES;
				CLANG_WARN_OBJC_LITERAL_CONVERSION = YES;
				CLANG_WARN_OBJC_ROOT_CLASS = YES_ERROR;
				CLANG_WARN_RANGE_LOOP_ANALYSIS = YES;
				CLANG_WARN_STRICT_PROTOTYPES = YES;
				CLANG_WARN_SUSPICIOUS_MOVE = YES;
				CLANG_WARN_UNGUARDED_AVAILABILITY = YES_AGGRESSIVE;
				CLANG_WARN_UNREACHABLE_CODE = YES;
				CLANG_WARN__DUPLICATE_METHOD_MATCH = YES;
				COPY_PHASE_STRIP = NO;
				DEBUG_INFORMATION_FORMAT = "dwarf-with-dsym";
				ENABLE_NS_ASSERTIONS = NO;
				ENABLE_STRICT_OBJC_MSGSEND = YES;
				GCC_C_LANGUAGE_STANDARD = gnu11;
				GCC_NO_COMMON_BLOCKS = YES;
				GCC_WARN_64_TO_32_BIT_CONVERSION = YES;
				GCC_WARN_ABOUT_RETURN_TYPE = YES_ERROR;
				GCC_WARN_UNDECLARED_SELECTOR = YES;
				GCC_WARN_UNINITIALIZED_AUTOS = YES_AGGRESSIVE;
				GCC_WARN_UNUSED_FUNCTION = YES;
				GCC_WARN_UNUSED_VARIABLE = YES;
				IPHONEOS_DEPLOYMENT_TARGET = 13.5;
				MTL_ENABLE_DEBUG_INFO = NO;
				MTL_FAST_MATH = YES;
				SDKROOT = iphoneos;
				VALIDATE_PRODUCT = YES;
			};
			name = Release;
		};
		1837C60424AAD89400D27ACD /* Debug */ = {
			isa = XCBuildConfiguration;
			baseConfigurationReference = 85E0248B19BCD10735F60D87 /* Pods-forward.debug.xcconfig */;
			buildSettings = {
				ASSETCATALOG_COMPILER_APPICON_NAME = AppIcon;
				CODE_SIGN_STYLE = Automatic;
				GCC_PRECOMPILE_PREFIX_HEADER = NO;
				GCC_PREFIX_HEADER = forward/SupportFile/PrefixHeader.pch;
				INFOPLIST_FILE = forward/Info.plist;
				LD_RUNPATH_SEARCH_PATHS = (
					"$(inherited)",
					"@executable_path/Frameworks",
				);
				PRODUCT_BUNDLE_IDENTIFIER = com.scrb.forward;
				PRODUCT_NAME = "$(TARGET_NAME)";
				TARGETED_DEVICE_FAMILY = "1,2";
			};
			name = Debug;
		};
		1837C60524AAD89400D27ACD /* Release */ = {
			isa = XCBuildConfiguration;
			baseConfigurationReference = 6DA66BFE9A349C9CCE360BAF /* Pods-forward.release.xcconfig */;
			buildSettings = {
				ASSETCATALOG_COMPILER_APPICON_NAME = AppIcon;
				CODE_SIGN_STYLE = Automatic;
				GCC_PRECOMPILE_PREFIX_HEADER = NO;
				GCC_PREFIX_HEADER = forward/SupportFile/PrefixHeader.pch;
				INFOPLIST_FILE = forward/Info.plist;
				LD_RUNPATH_SEARCH_PATHS = (
					"$(inherited)",
					"@executable_path/Frameworks",
				);
				PRODUCT_BUNDLE_IDENTIFIER = com.scrb.forward;
				PRODUCT_NAME = "$(TARGET_NAME)";
				TARGETED_DEVICE_FAMILY = "1,2";
			};
			name = Release;
		};
/* End XCBuildConfiguration section */

/* Begin XCConfigurationList section */
		1837C5E524AAD89200D27ACD /* Build configuration list for PBXProject "forward" */ = {
			isa = XCConfigurationList;
			buildConfigurations = (
				1837C60124AAD89400D27ACD /* Debug */,
				1837C60224AAD89400D27ACD /* Release */,
			);
			defaultConfigurationIsVisible = 0;
			defaultConfigurationName = Release;
		};
		1837C60324AAD89400D27ACD /* Build configuration list for PBXNativeTarget "forward" */ = {
			isa = XCConfigurationList;
			buildConfigurations = (
				1837C60424AAD89400D27ACD /* Debug */,
				1837C60524AAD89400D27ACD /* Release */,
			);
			defaultConfigurationIsVisible = 0;
			defaultConfigurationName = Release;
		};
/* End XCConfigurationList section */
	};
	rootObject = 1837C5E224AAD89200D27ACD /* Project object */;
}
