// !$*UTF8*$!
{
	archiveVersion = 1;
	classes = {
	};
	objectVersion = 50;
	objects = {

/* Begin PBXBuildFile section */
		1837C5EF24AAD89200D27ACD /* AppDelegate.m in Sources */ = {isa = PBXBuildFile; fileRef = 1837C5EE24AAD89200D27ACD /* AppDelegate.m */; };
		1837C5F224AAD89200D27ACD /* SceneDelegate.m in Sources */ = {isa = PBXBuildFile; fileRef = 1837C5F124AAD89200D27ACD /* SceneDelegate.m */; };
		1837C5F524AAD89200D27ACD /* ViewController.m in Sources */ = {isa = PBXBuildFile; fileRef = 1837C5F424AAD89200D27ACD /* ViewController.m */; };
		1837C5F824AAD89200D27ACD /* Main.storyboard in Resources */ = {isa = PBXBuildFile; fileRef = 1837C5F624AAD89200D27ACD /* Main.storyboard */; };
		1837C5FA24AAD89400D27ACD /* Assets.xcassets in Resources */ = {isa = PBXBuildFile; fileRef = 1837C5F924AAD89400D27ACD /* Assets.xcassets */; };
		1837C5FD24AAD89400D27ACD /* LaunchScreen.storyboard in Resources */ = {isa = PBXBuildFile; fileRef = 1837C5FB24AAD89400D27ACD /* LaunchScreen.storyboard */; };
		1837C60024AAD89400D27ACD /* main.m in Sources */ = {isa = PBXBuildFile; fileRef = 1837C5FF24AAD89400D27ACD /* main.m */; };
/* End PBXBuildFile section */

/* Begin PBXFileReference section */
		1837C5EA24AAD89200D27ACD /* forward.app */ = {isa = PBXFileReference; explicitFileType = wrapper.application; includeInIndex = 0; path = forward.app; sourceTree = BUILT_PRODUCTS_DIR; };
		1837C5ED24AAD89200D27ACD /* AppDelegate.h */ = {isa = PBXFileReference; lastKnownFileType = sourcecode.c.h; path = AppDelegate.h; sourceTree = "<group>"; };
		1837C5EE24AAD89200D27ACD /* AppDelegate.m */ = {isa = PBXFileReference; lastKnownFileType = sourcecode.c.objc; path = AppDelegate.m; sourceTree = "<group>"; };
		1837C5F024AAD89200D27ACD /* SceneDelegate.h */ = {isa = PBXFileReference; lastKnownFileType = sourcecode.c.h; path = SceneDelegate.h; sourceTree = "<group>"; };
		1837C5F124AAD89200D27ACD /* SceneDelegate.m */ = {isa = PBXFileReference; lastKnownFileType = sourcecode.c.objc; path = SceneDelegate.m; sourceTree = "<group>"; };
		1837C5F324AAD89200D27ACD /* ViewController.h */ = {isa = PBXFileReference; lastKnownFileType = sourcecode.c.h; path = ViewController.h; sourceTree = "<group>"; };
		1837C5F424AAD89200D27ACD /* ViewController.m */ = {isa = PBXFileReference; lastKnownFileType = sourcecode.c.objc; path = ViewController.m; sourceTree = "<group>"; };
		1837C5F724AAD89200D27ACD /* Base */ = {isa = PBXFileReference; lastKnownFileType = file.storyboard; name = Base; path = Base.lproj/Main.storyboard; sourceTree = "<group>"; };
		1837C5F924AAD89400D27ACD /* Assets.xcassets */ = {isa = PBXFileReference; lastKnownFileType = folder.assetcatalog; path = Assets.xcassets; sourceTree = "<group>"; };
		1837C5FC24AAD89400D27ACD /* Base */ = {isa = PBXFileReference; lastKnownFileType = file.storyboard; name = Base; path = Base.lproj/LaunchScreen.storyboard; sourceTree = "<group>"; };
		1837C5FE24AAD89400D27ACD /* Info.plist */ = {isa = PBXFileReference; lastKnownFileType = text.plist.xml; path = Info.plist; sourceTree = "<group>"; };
		1837C5FF24AAD89400D27ACD /* main.m */ = {isa = PBXFileReference; lastKnownFileType = sourcecode.c.objc; path = main.m; sourceTree = "<group>"; };
/* End PBXFileReference section */

/* Begin PBXFrameworksBuildPhase section */
		1837C5E724AAD89200D27ACD /* Frameworks */ = {
			isa = PBXFrameworksBuildPhase;
			buildActionMask = 2147483647;
			files = (
			);
			runOnlyForDeploymentPostprocessing = 0;
		};
/* End PBXFrameworksBuildPhase section */

/* Begin PBXGroup section */
		1837C5E124AAD89200D27ACD = {
			isa = PBXGroup;
			children = (
				1837C5EC24AAD89200D27ACD /* forward */,
				1837C5EB24AAD89200D27ACD /* Products */,
			);
			sourceTree = "<group>";
		};
		1837C5EB24AAD89200D27ACD /* Products */ = {
			isa = PBXGroup;
			children = (
				1837C5EA24AAD89200D27ACD /* forward.app */,
			);
			name = Products;
			sourceTree = "<group>";
		};
		1837C5EC24AAD89200D27ACD /* forward */ = {
			isa = PBXGroup;
			children = (
				1837C5ED24AAD89200D27ACD /* AppDelegate.h */,
				1837C5EE24AAD89200D27ACD /* AppDelegate.m */,
				1837C5F024AAD89200D27ACD /* SceneDelegate.h */,
				1837C5F124AAD89200D27ACD /* SceneDelegate.m */,
				1837C5F324AAD89200D27ACD /* ViewController.h */,
				1837C5F424AAD89200D27ACD /* ViewController.m */,
				1837C5F624AAD89200D27ACD /* Main.storyboard */,
				1837C5F924AAD89400D27ACD /* Assets.xcassets */,
				1837C5FB24AAD89400D27ACD /* LaunchScreen.storyboard */,
				1837C5FE24AAD89400D27ACD /* Info.plist */,
				1837C5FF24AAD89400D27ACD /* main.m */,
			);
			path = forward;
			sourceTree = "<group>";
		};
/* End PBXGroup section */

/* Begin PBXNativeTarget section */
		1837C5E924AAD89200D27ACD /* forward */ = {
			isa = PBXNativeTarget;
			buildConfigurationList = 1837C60324AAD89400D27ACD /* Build configuration list for PBXNativeTarget "forward" */;
			buildPhases = (
				1837C5E624AAD89200D27ACD /* Sources */,
				1837C5E724AAD89200D27ACD /* Frameworks */,
				1837C5E824AAD89200D27ACD /* Resources */,
			);
			buildRules = (
			);
			dependencies = (
			);
			name = forward;
			productName = forward;
			productReference = 1837C5EA24AAD89200D27ACD /* forward.app */;
			productType = "com.apple.product-type.application";
		};
/* End PBXNativeTarget section */

/* Begin PBXProject section */
		1837C5E224AAD89200D27ACD /* Project object */ = {
			isa = PBXProject;
			attributes = {
				LastUpgradeCheck = 1150;
				ORGANIZATIONNAME = zzh;
				TargetAttributes = {
					1837C5E924AAD89200D27ACD = {
						CreatedOnToolsVersion = 11.5;
					};
				};
			};
			buildConfigurationList = 1837C5E524AAD89200D27ACD /* Build configuration list for PBXProject "forward" */;
			compatibilityVersion = "Xcode 9.3";
			developmentRegion = en;
			hasScannedForEncodings = 0;
			knownRegions = (
				en,
				Base,
			);
			mainGroup = 1837C5E124AAD89200D27ACD;
			productRefGroup = 1837C5EB24AAD89200D27ACD /* Products */;
			projectDirPath = "";
			projectRoot = "";
			targets = (
				1837C5E924AAD89200D27ACD /* forward */,
			);
		};
/* End PBXProject section */

/* Begin PBXResourcesBuildPhase section */
		1837C5E824AAD89200D27ACD /* Resources */ = {
			isa = PBXResourcesBuildPhase;
			buildActionMask = 2147483647;
			files = (
				1837C5FD24AAD89400D27ACD /* LaunchScreen.storyboard in Resources */,
				1837C5FA24AAD89400D27ACD /* Assets.xcassets in Resources */,
				1837C5F824AAD89200D27ACD /* Main.storyboard in Resources */,
			);
			runOnlyForDeploymentPostprocessing = 0;
		};
/* End PBXResourcesBuildPhase section */

/* Begin PBXSourcesBuildPhase section */
		1837C5E624AAD89200D27ACD /* Sources */ = {
			isa = PBXSourcesBuildPhase;
			buildActionMask = 2147483647;
			files = (
				1837C5F524AAD89200D27ACD /* ViewController.m in Sources */,
				1837C5EF24AAD89200D27ACD /* AppDelegate.m in Sources */,
				1837C60024AAD89400D27ACD /* main.m in Sources */,
				1837C5F224AAD89200D27ACD /* SceneDelegate.m in Sources */,
			);
			runOnlyForDeploymentPostprocessing = 0;
		};
/* End PBXSourcesBuildPhase section */

/* Begin PBXVariantGroup section */
		1837C5F624AAD89200D27ACD /* Main.storyboard */ = {
			isa = PBXVariantGroup;
			children = (
				1837C5F724AAD89200D27ACD /* Base */,
			);
			name = Main.storyboard;
			sourceTree = "<group>";
		};
		1837C5FB24AAD89400D27ACD /* LaunchScreen.storyboard */ = {
			isa = PBXVariantGroup;
			children = (
				1837C5FC24AAD89400D27ACD /* Base */,
			);
			name = LaunchScreen.storyboard;
			sourceTree = "<group>";
		};
/* End PBXVariantGroup section */

/* Begin XCBuildConfiguration section */
		1837C60124AAD89400D27ACD /* Debug */ = {
			isa = XCBuildConfiguration;
			buildSettings = {
				ALWAYS_SEARCH_USER_PATHS = NO;
				CLANG_ANALYZER_NONNULL = YES;
				CLANG_ANALYZER_NUMBER_OBJECT_CONVERSION = YES_AGGRESSIVE;
				CLANG_CXX_LANGUAGE_STANDARD = "gnu++14";
				CLANG_CXX_LIBRARY = "libc++";
				CLANG_ENABLE_MODULES = YES;
				CLANG_ENABLE_OBJC_ARC = YES;
				CLANG_ENABLE_OBJC_WEAK = YES;
				CLANG_WARN_BLOCK_CAPTURE_AUTORELEASING = YES;
				CLANG_WARN_BOOL_CONVERSION = YES;
				CLANG_WARN_COMMA = YES;
				CLANG_WARN_CONSTANT_CONVERSION = YES;
				CLANG_WARN_DEPRECATED_OBJC_IMPLEMENTATIONS = YES;
				CLANG_WARN_DIRECT_OBJC_ISA_USAGE = YES_ERROR;
				CLANG_WARN_DOCUMENTATION_COMMENTS = YES;
				CLANG_WARN_EMPTY_BODY = YES;
				CLANG_WARN_ENUM_CONVERSION = YES;
				CLANG_WARN_INFINITE_RECURSION = YES;
				CLANG_WARN_INT_CONVERSION = YES;
				CLANG_WARN_NON_LITERAL_NULL_CONVERSION = YES;
				CLANG_WARN_OBJC_IMPLICIT_RETAIN_SELF = YES;
				CLANG_WARN_OBJC_LITERAL_CONVERSION = YES;
				CLANG_WARN_OBJC_ROOT_CLASS = YES_ERROR;
				CLANG_WARN_RANGE_LOOP_ANALYSIS = YES;
				CLANG_WARN_STRICT_PROTOTYPES = YES;
				CLANG_WARN_SUSPICIOUS_MOVE = YES;
				CLANG_WARN_UNGUARDED_AVAILABILITY = YES_AGGRESSIVE;
				CLANG_WARN_UNREACHABLE_CODE = YES;
				CLANG_WARN__DUPLICATE_METHOD_MATCH = YES;
				COPY_PHASE_STRIP = NO;
				DEBUG_INFORMATION_FORMAT = dwarf;
				ENABLE_STRICT_OBJC_MSGSEND = YES;
				ENABLE_TESTABILITY = YES;
				GCC_C_LANGUAGE_STANDARD = gnu11;
				GCC_DYNAMIC_NO_PIC = NO;
				GCC_NO_COMMON_BLOCKS = YES;
				GCC_OPTIMIZATION_LEVEL = 0;
				GCC_PREPROCESSOR_DEFINITIONS = (
					"DEBUG=1",
					"$(inherited)",
				);
				GCC_WARN_64_TO_32_BIT_CONVERSION = YES;
				GCC_WARN_ABOUT_RETURN_TYPE = YES_ERROR;
				GCC_WARN_UNDECLARED_SELECTOR = YES;
				GCC_WARN_UNINITIALIZED_AUTOS = YES_AGGRESSIVE;
				GCC_WARN_UNUSED_FUNCTION = YES;
				GCC_WARN_UNUSED_VARIABLE = YES;
				IPHONEOS_DEPLOYMENT_TARGET = 13.5;
				MTL_ENABLE_DEBUG_INFO = INCLUDE_SOURCE;
				MTL_FAST_MATH = YES;
				ONLY_ACTIVE_ARCH = YES;
				SDKROOT = iphoneos;
			};
			name = Debug;
		};
		1837C60224AAD89400D27ACD /* Release */ = {
			isa = XCBuildConfiguration;
			buildSettings = {
				ALWAYS_SEARCH_USER_PATHS = NO;
				CLANG_ANALYZER_NONNULL = YES;
				CLANG_ANALYZER_NUMBER_OBJECT_CONVERSION = YES_AGGRESSIVE;
				CLANG_CXX_LANGUAGE_STANDARD = "gnu++14";
				CLANG_CXX_LIBRARY = "libc++";
				CLANG_ENABLE_MODULES = YES;
				CLANG_ENABLE_OBJC_ARC = YES;
				CLANG_ENABLE_OBJC_WEAK = YES;
				CLANG_WARN_BLOCK_CAPTURE_AUTORELEASING = YES;
				CLANG_WARN_BOOL_CONVERSION = YES;
				CLANG_WARN_COMMA = YES;
				CLANG_WARN_CONSTANT_CONVERSION = YES;
				CLANG_WARN_DEPRECATED_OBJC_IMPLEMENTATIONS = YES;
				CLANG_WARN_DIRECT_OBJC_ISA_USAGE = YES_ERROR;
				CLANG_WARN_DOCUMENTATION_COMMENTS = YES;
				CLANG_WARN_EMPTY_BODY = YES;
				CLANG_WARN_ENUM_CONVERSION = YES;
				CLANG_WARN_INFINITE_RECURSION = YES;
				CLANG_WARN_INT_CONVERSION = YES;
				CLANG_WARN_NON_LITERAL_NULL_CONVERSION = YES;
				CLANG_WARN_OBJC_IMPLICIT_RETAIN_SELF = YES;
				CLANG_WARN_OBJC_LITERAL_CONVERSION = YES;
				CLANG_WARN_OBJC_ROOT_CLASS = YES_ERROR;
				CLANG_WARN_RANGE_LOOP_ANALYSIS = YES;
				CLANG_WARN_STRICT_PROTOTYPES = YES;
				CLANG_WARN_SUSPICIOUS_MOVE = YES;
				CLANG_WARN_UNGUARDED_AVAILABILITY = YES_AGGRESSIVE;
				CLANG_WARN_UNREACHABLE_CODE = YES;
				CLANG_WARN__DUPLICATE_METHOD_MATCH = YES;
				COPY_PHASE_STRIP = NO;
				DEBUG_INFORMATION_FORMAT = "dwarf-with-dsym";
				ENABLE_NS_ASSERTIONS = NO;
				ENABLE_STRICT_OBJC_MSGSEND = YES;
				GCC_C_LANGUAGE_STANDARD = gnu11;
				GCC_NO_COMMON_BLOCKS = YES;
				GCC_WARN_64_TO_32_BIT_CONVERSION = YES;
				GCC_WARN_ABOUT_RETURN_TYPE = YES_ERROR;
				GCC_WARN_UNDECLARED_SELECTOR = YES;
				GCC_WARN_UNINITIALIZED_AUTOS = YES_AGGRESSIVE;
				GCC_WARN_UNUSED_FUNCTION = YES;
				GCC_WARN_UNUSED_VARIABLE = YES;
				IPHONEOS_DEPLOYMENT_TARGET = 13.5;
				MTL_ENABLE_DEBUG_INFO = NO;
				MTL_FAST_MATH = YES;
				SDKROOT = iphoneos;
				VALIDATE_PRODUCT = YES;
			};
			name = Release;
		};
		1837C60424AAD89400D27ACD /* Debug */ = {
			isa = XCBuildConfiguration;
			buildSettings = {
				ASSETCATALOG_COMPILER_APPICON_NAME = AppIcon;
				CODE_SIGN_STYLE = Automatic;
				INFOPLIST_FILE = forward/Info.plist;
				LD_RUNPATH_SEARCH_PATHS = (
					"$(inherited)",
					"@executable_path/Frameworks",
				);
				PRODUCT_BUNDLE_IDENTIFIER = com.scrb.forward;
				PRODUCT_NAME = "$(TARGET_NAME)";
				TARGETED_DEVICE_FAMILY = "1,2";
			};
			name = Debug;
		};
		1837C60524AAD89400D27ACD /* Release */ = {
			isa = XCBuildConfiguration;
			buildSettings = {
				ASSETCATALOG_COMPILER_APPICON_NAME = AppIcon;
				CODE_SIGN_STYLE = Automatic;
				INFOPLIST_FILE = forward/Info.plist;
				LD_RUNPATH_SEARCH_PATHS = (
					"$(inherited)",
					"@executable_path/Frameworks",
				);
				PRODUCT_BUNDLE_IDENTIFIER = com.scrb.forward;
				PRODUCT_NAME = "$(TARGET_NAME)";
				TARGETED_DEVICE_FAMILY = "1,2";
			};
			name = Release;
		};
/* End XCBuildConfiguration section */

/* Begin XCConfigurationList section */
		1837C5E524AAD89200D27ACD /* Build configuration list for PBXProject "forward" */ = {
			isa = XCConfigurationList;
			buildConfigurations = (
				1837C60124AAD89400D27ACD /* Debug */,
				1837C60224AAD89400D27ACD /* Release */,
			);
			defaultConfigurationIsVisible = 0;
			defaultConfigurationName = Release;
		};
		1837C60324AAD89400D27ACD /* Build configuration list for PBXNativeTarget "forward" */ = {
			isa = XCConfigurationList;
			buildConfigurations = (
				1837C60424AAD89400D27ACD /* Debug */,
				1837C60524AAD89400D27ACD /* Release */,
			);
			defaultConfigurationIsVisible = 0;
			defaultConfigurationName = Release;
		};
/* End XCConfigurationList section */
	};
	rootObject = 1837C5E224AAD89200D27ACD /* Project object */;
}
